// !$*UTF8*$!
{
	archiveVersion = 1;
	classes = {
	};
	objectVersion = 46;
	objects = {

/* Begin PBXBuildFile section */
		97067D8C1CFECC190069198B /* XMNChatTestServer.m in Sources */ = {isa = PBXBuildFile; fileRef = 97067D8B1CFECC190069198B /* XMNChatTestServer.m */; };
		97C1A30F1CCE031A000E546C /* main.m in Sources */ = {isa = PBXBuildFile; fileRef = 97C1A30E1CCE031A000E546C /* main.m */; };
		97C1A3121CCE031A000E546C /* AppDelegate.m in Sources */ = {isa = PBXBuildFile; fileRef = 97C1A3111CCE031A000E546C /* AppDelegate.m */; };
		97C1A3151CCE031A000E546C /* ViewController.m in Sources */ = {isa = PBXBuildFile; fileRef = 97C1A3141CCE031A000E546C /* ViewController.m */; };
		97C1A3181CCE031A000E546C /* Main.storyboard in Resources */ = {isa = PBXBuildFile; fileRef = 97C1A3161CCE031A000E546C /* Main.storyboard */; };
		97C1A31A1CCE031A000E546C /* Assets.xcassets in Resources */ = {isa = PBXBuildFile; fileRef = 97C1A3191CCE031A000E546C /* Assets.xcassets */; };
		97C1A31D1CCE031A000E546C /* LaunchScreen.storyboard in Resources */ = {isa = PBXBuildFile; fileRef = 97C1A31B1CCE031A000E546C /* LaunchScreen.storyboard */; };
		97C608681CFBD9F800357DDB /* XMNChatTestVM.m in Sources */ = {isa = PBXBuildFile; fileRef = 97C608671CFBD9F800357DDB /* XMNChatTestVM.m */; };
		97C608761CFC33C400357DDB /* test01@2x.png in Resources */ = {isa = PBXBuildFile; fileRef = 97C608751CFC33C400357DDB /* test01@2x.png */; };
		97D31F121DF05CB3006BA6E4 /* XMNChat.framework in Frameworks */ = {isa = PBXBuildFile; fileRef = 97D31F111DF05CB3006BA6E4 /* XMNChat.framework */; };
		97D31F131DF05CB3006BA6E4 /* XMNChat.framework in Embed Frameworks */ = {isa = PBXBuildFile; fileRef = 97D31F111DF05CB3006BA6E4 /* XMNChat.framework */; settings = {ATTRIBUTES = (CodeSignOnCopy, RemoveHeadersOnCopy, ); }; };
/* End PBXBuildFile section */

/* Begin PBXCopyFilesBuildPhase section */
		97B650281D3E1FC100F3478A /* Embed Frameworks */ = {
			isa = PBXCopyFilesBuildPhase;
			buildActionMask = 2147483647;
			dstPath = "";
			dstSubfolderSpec = 10;
			files = (
				97D31F131DF05CB3006BA6E4 /* XMNChat.framework in Embed Frameworks */,
			);
			name = "Embed Frameworks";
			runOnlyForDeploymentPostprocessing = 0;
		};
/* End PBXCopyFilesBuildPhase section */

/* Begin PBXFileReference section */
		97067D8A1CFECC190069198B /* XMNChatTestServer.h */ = {isa = PBXFileReference; fileEncoding = 4; lastKnownFileType = sourcecode.c.h; path = XMNChatTestServer.h; sourceTree = "<group>"; };
		97067D8B1CFECC190069198B /* XMNChatTestServer.m */ = {isa = PBXFileReference; fileEncoding = 4; lastKnownFileType = sourcecode.c.objc; path = XMNChatTestServer.m; sourceTree = "<group>"; };
		97C1A30A1CCE031A000E546C /* XMNChatFrameworkExample.app */ = {isa = PBXFileReference; explicitFileType = wrapper.application; includeInIndex = 0; path = XMNChatFrameworkExample.app; sourceTree = BUILT_PRODUCTS_DIR; };
		97C1A30E1CCE031A000E546C /* main.m */ = {isa = PBXFileReference; lastKnownFileType = sourcecode.c.objc; path = main.m; sourceTree = "<group>"; };
		97C1A3101CCE031A000E546C /* AppDelegate.h */ = {isa = PBXFileReference; lastKnownFileType = sourcecode.c.h; path = AppDelegate.h; sourceTree = "<group>"; };
		97C1A3111CCE031A000E546C /* AppDelegate.m */ = {isa = PBXFileReference; lastKnownFileType = sourcecode.c.objc; path = AppDelegate.m; sourceTree = "<group>"; };
		97C1A3131CCE031A000E546C /* ViewController.h */ = {isa = PBXFileReference; lastKnownFileType = sourcecode.c.h; path = ViewController.h; sourceTree = "<group>"; };
		97C1A3141CCE031A000E546C /* ViewController.m */ = {isa = PBXFileReference; lastKnownFileType = sourcecode.c.objc; path = ViewController.m; sourceTree = "<group>"; };
		97C1A3171CCE031A000E546C /* Base */ = {isa = PBXFileReference; lastKnownFileType = file.storyboard; name = Base; path = Base.lproj/Main.storyboard; sourceTree = "<group>"; };
		97C1A3191CCE031A000E546C /* Assets.xcassets */ = {isa = PBXFileReference; lastKnownFileType = folder.assetcatalog; path = Assets.xcassets; sourceTree = "<group>"; };
		97C1A31C1CCE031A000E546C /* Base */ = {isa = PBXFileReference; lastKnownFileType = file.storyboard; name = Base; path = Base.lproj/LaunchScreen.storyboard; sourceTree = "<group>"; };
		97C1A31E1CCE031A000E546C /* Info.plist */ = {isa = PBXFileReference; lastKnownFileType = text.plist.xml; path = Info.plist; sourceTree = "<group>"; };
		97C608661CFBD9F800357DDB /* XMNChatTestVM.h */ = {isa = PBXFileReference; fileEncoding = 4; lastKnownFileType = sourcecode.c.h; path = XMNChatTestVM.h; sourceTree = "<group>"; };
		97C608671CFBD9F800357DDB /* XMNChatTestVM.m */ = {isa = PBXFileReference; fileEncoding = 4; lastKnownFileType = sourcecode.c.objc; path = XMNChatTestVM.m; sourceTree = "<group>"; };
		97C608751CFC33C400357DDB /* test01@2x.png */ = {isa = PBXFileReference; lastKnownFileType = image.png; path = "test01@2x.png"; sourceTree = "<group>"; };
		97D31F111DF05CB3006BA6E4 /* XMNChat.framework */ = {isa = PBXFileReference; explicitFileType = wrapper.framework; path = XMNChat.framework; sourceTree = BUILT_PRODUCTS_DIR; };
/* End PBXFileReference section */

/* Begin PBXFrameworksBuildPhase section */
		97C1A3071CCE031A000E546C /* Frameworks */ = {
			isa = PBXFrameworksBuildPhase;
			buildActionMask = 2147483647;
			files = (
				97D31F121DF05CB3006BA6E4 /* XMNChat.framework in Frameworks */,
			);
			runOnlyForDeploymentPostprocessing = 0;
		};
/* End PBXFrameworksBuildPhase section */

/* Begin PBXGroup section */
		97C1A3011CCE031A000E546C = {
			isa = PBXGroup;
			children = (
				97D31F111DF05CB3006BA6E4 /* XMNChat.framework */,
				97C1A30C1CCE031A000E546C /* XMNChatFrameworkExample */,
				97C1A30B1CCE031A000E546C /* Products */,
			);
			sourceTree = "<group>";
		};
		97C1A30B1CCE031A000E546C /* Products */ = {
			isa = PBXGroup;
			children = (
				97C1A30A1CCE031A000E546C /* XMNChatFrameworkExample.app */,
			);
			name = Products;
			sourceTree = "<group>";
		};
		97C1A30C1CCE031A000E546C /* XMNChatFrameworkExample */ = {
			isa = PBXGroup;
			children = (
				97C1A3101CCE031A000E546C /* AppDelegate.h */,
				97C1A3111CCE031A000E546C /* AppDelegate.m */,
				97C1A3131CCE031A000E546C /* ViewController.h */,
				97C1A3141CCE031A000E546C /* ViewController.m */,
				97C608661CFBD9F800357DDB /* XMNChatTestVM.h */,
				97C608671CFBD9F800357DDB /* XMNChatTestVM.m */,
				97067D8A1CFECC190069198B /* XMNChatTestServer.h */,
				97067D8B1CFECC190069198B /* XMNChatTestServer.m */,
				97C608751CFC33C400357DDB /* test01@2x.png */,
				97C1A3161CCE031A000E546C /* Main.storyboard */,
				97C1A3191CCE031A000E546C /* Assets.xcassets */,
				97C1A31B1CCE031A000E546C /* LaunchScreen.storyboard */,
				97C1A31E1CCE031A000E546C /* Info.plist */,
				97C1A30D1CCE031A000E546C /* Supporting Files */,
			);
			path = XMNChatFrameworkExample;
			sourceTree = "<group>";
		};
		97C1A30D1CCE031A000E546C /* Supporting Files */ = {
			isa = PBXGroup;
			children = (
				97C1A30E1CCE031A000E546C /* main.m */,
			);
			name = "Supporting Files";
			sourceTree = "<group>";
		};
/* End PBXGroup section */

/* Begin PBXNativeTarget section */
		97C1A3091CCE031A000E546C /* XMNChatFrameworkExample */ = {
			isa = PBXNativeTarget;
			buildConfigurationList = 97C1A3211CCE031A000E546C /* Build configuration list for PBXNativeTarget "XMNChatFrameworkExample" */;
			buildPhases = (
				97C1A3061CCE031A000E546C /* Sources */,
				97C1A3071CCE031A000E546C /* Frameworks */,
				97C1A3081CCE031A000E546C /* Resources */,
				97B650281D3E1FC100F3478A /* Embed Frameworks */,
			);
			buildRules = (
			);
			dependencies = (
			);
			name = XMNChatFrameworkExample;
			productName = XMNChatFrameworkExample;
			productReference = 97C1A30A1CCE031A000E546C /* XMNChatFrameworkExample.app */;
			productType = "com.apple.product-type.application";
		};
/* End PBXNativeTarget section */

/* Begin PBXProject section */
		97C1A3021CCE031A000E546C /* Project object */ = {
			isa = PBXProject;
			attributes = {
				LastUpgradeCheck = 0730;
				ORGANIZATIONNAME = XMFraker;
				TargetAttributes = {
					97C1A3091CCE031A000E546C = {
						CreatedOnToolsVersion = 7.3;
						DevelopmentTeam = 55595GTKJN;
					};
				};
			};
			buildConfigurationList = 97C1A3051CCE031A000E546C /* Build configuration list for PBXProject "XMNChatFrameworkExample" */;
			compatibilityVersion = "Xcode 3.2";
			developmentRegion = English;
			hasScannedForEncodings = 0;
			knownRegions = (
				en,
				Base,
			);
			mainGroup = 97C1A3011CCE031A000E546C;
			productRefGroup = 97C1A30B1CCE031A000E546C /* Products */;
			projectDirPath = "";
			projectRoot = "";
			targets = (
				97C1A3091CCE031A000E546C /* XMNChatFrameworkExample */,
			);
		};
/* End PBXProject section */

/* Begin PBXResourcesBuildPhase section */
		97C1A3081CCE031A000E546C /* Resources */ = {
			isa = PBXResourcesBuildPhase;
			buildActionMask = 2147483647;
			files = (
				97C1A31D1CCE031A000E546C /* LaunchScreen.storyboard in Resources */,
				97C608761CFC33C400357DDB /* test01@2x.png in Resources */,
				97C1A31A1CCE031A000E546C /* Assets.xcassets in Resources */,
				97C1A3181CCE031A000E546C /* Main.storyboard in Resources */,
			);
			runOnlyForDeploymentPostprocessing = 0;
		};
/* End PBXResourcesBuildPhase section */

/* Begin PBXSourcesBuildPhase section */
		97C1A3061CCE031A000E546C /* Sources */ = {
			isa = PBXSourcesBuildPhase;
			buildActionMask = 2147483647;
			files = (
				97C608681CFBD9F800357DDB /* XMNChatTestVM.m in Sources */,
				97C1A3151CCE031A000E546C /* ViewController.m in Sources */,
				97067D8C1CFECC190069198B /* XMNChatTestServer.m in Sources */,
				97C1A3121CCE031A000E546C /* AppDelegate.m in Sources */,
				97C1A30F1CCE031A000E546C /* main.m in Sources */,
			);
			runOnlyForDeploymentPostprocessing = 0;
		};
/* End PBXSourcesBuildPhase section */

/* Begin PBXVariantGroup section */
		97C1A3161CCE031A000E546C /* Main.storyboard */ = {
			isa = PBXVariantGroup;
			children = (
				97C1A3171CCE031A000E546C /* Base */,
			);
			name = Main.storyboard;
			sourceTree = "<group>";
		};
		97C1A31B1CCE031A000E546C /* LaunchScreen.storyboard */ = {
			isa = PBXVariantGroup;
			children = (
				97C1A31C1CCE031A000E546C /* Base */,
			);
			name = LaunchScreen.storyboard;
			sourceTree = "<group>";
		};
/* End PBXVariantGroup section */

/* Begin XCBuildConfiguration section */
		97C1A31F1CCE031A000E546C /* Debug */ = {
			isa = XCBuildConfiguration;
			buildSettings = {
				ALWAYS_SEARCH_USER_PATHS = NO;
				CLANG_ANALYZER_NONNULL = YES;
				CLANG_CXX_LANGUAGE_STANDARD = "gnu++0x";
				CLANG_CXX_LIBRARY = "libc++";
				CLANG_ENABLE_MODULES = YES;
				CLANG_ENABLE_OBJC_ARC = YES;
				CLANG_WARN_BOOL_CONVERSION = YES;
				CLANG_WARN_CONSTANT_CONVERSION = YES;
				CLANG_WARN_DIRECT_OBJC_ISA_USAGE = YES_ERROR;
				CLANG_WARN_EMPTY_BODY = YES;
				CLANG_WARN_ENUM_CONVERSION = YES;
				CLANG_WARN_INT_CONVERSION = YES;
				CLANG_WARN_OBJC_ROOT_CLASS = YES_ERROR;
				CLANG_WARN_UNREACHABLE_CODE = YES;
				CLANG_WARN__DUPLICATE_METHOD_MATCH = YES;
				"CODE_SIGN_IDENTITY[sdk=iphoneos*]" = "iPhone Developer";
				COPY_PHASE_STRIP = NO;
				DEBUG_INFORMATION_FORMAT = dwarf;
				ENABLE_STRICT_OBJC_MSGSEND = YES;
				ENABLE_TESTABILITY = YES;
				GCC_C_LANGUAGE_STANDARD = gnu99;
				GCC_DYNAMIC_NO_PIC = NO;
				GCC_NO_COMMON_BLOCKS = YES;
				GCC_OPTIMIZATION_LEVEL = 0;
				GCC_PREPROCESSOR_DEFINITIONS = (
					"DEBUG=1",
					"$(inherited)",
				);
				GCC_WARN_64_TO_32_BIT_CONVERSION = YES;
				GCC_WARN_ABOUT_RETURN_TYPE = YES_ERROR;
				GCC_WARN_UNDECLARED_SELECTOR = YES;
				GCC_WARN_UNINITIALIZED_AUTOS = YES_AGGRESSIVE;
				GCC_WARN_UNUSED_FUNCTION = YES;
				GCC_WARN_UNUSED_VARIABLE = YES;
				IPHONEOS_DEPLOYMENT_TARGET = 9.3;
				MTL_ENABLE_DEBUG_INFO = YES;
				ONLY_ACTIVE_ARCH = YES;
				SDKROOT = iphoneos;
				TARGETED_DEVICE_FAMILY = "1,2";
			};
			name = Debug;
		};
		97C1A3201CCE031A000E546C /* Release */ = {
			isa = XCBuildConfiguration;
			buildSettings = {
				ALWAYS_SEARCH_USER_PATHS = NO;
				CLANG_ANALYZER_NONNULL = YES;
				CLANG_CXX_LANGUAGE_STANDARD = "gnu++0x";
				CLANG_CXX_LIBRARY = "libc++";
				CLANG_ENABLE_MODULES = YES;
				CLANG_ENABLE_OBJC_ARC = YES;
				CLANG_WARN_BOOL_CONVERSION = YES;
				CLANG_WARN_CONSTANT_CONVERSION = YES;
				CLANG_WARN_DIRECT_OBJC_ISA_USAGE = YES_ERROR;
				CLANG_WARN_EMPTY_BODY = YES;
				CLANG_WARN_ENUM_CONVERSION = YES;
				CLANG_WARN_INT_CONVERSION = YES;
				CLANG_WARN_OBJC_ROOT_CLASS = YES_ERROR;
				CLANG_WARN_UNREACHABLE_CODE = YES;
				CLANG_WARN__DUPLICATE_METHOD_MATCH = YES;
				"CODE_SIGN_IDENTITY[sdk=iphoneos*]" = "iPhone Developer";
				COPY_PHASE_STRIP = NO;
				DEBUG_INFORMATION_FORMAT = "dwarf-with-dsym";
				ENABLE_NS_ASSERTIONS = NO;
				ENABLE_STRICT_OBJC_MSGSEND = YES;
				GCC_C_LANGUAGE_STANDARD = gnu99;
				GCC_NO_COMMON_BLOCKS = YES;
				GCC_WARN_64_TO_32_BIT_CONVERSION = YES;
				GCC_WARN_ABOUT_RETURN_TYPE = YES_ERROR;
				GCC_WARN_UNDECLARED_SELECTOR = YES;
				GCC_WARN_UNINITIALIZED_AUTOS = YES_AGGRESSIVE;
				GCC_WARN_UNUSED_FUNCTION = YES;
				GCC_WARN_UNUSED_VARIABLE = YES;
				IPHONEOS_DEPLOYMENT_TARGET = 9.3;
				MTL_ENABLE_DEBUG_INFO = NO;
				SDKROOT = iphoneos;
				TARGETED_DEVICE_FAMILY = "1,2";
				VALIDATE_PRODUCT = YES;
			};
			name = Release;
		};
		97C1A3221CCE031A000E546C /* Debug */ = {
			isa = XCBuildConfiguration;
			buildSettings = {
				ASSETCATALOG_COMPILER_APPICON_NAME = AppIcon;
				DEVELOPMENT_TEAM = 55595GTKJN;
				ENABLE_BITCODE = YES;
				INFOPLIST_FILE = XMNChatFrameworkExample/Info.plist;
				IPHONEOS_DEPLOYMENT_TARGET = 8.0;
				LD_RUNPATH_SEARCH_PATHS = "$(inherited) @executable_path/Frameworks";
				PRODUCT_BUNDLE_IDENTIFIER = com.XMFraker.XMNChatFrameworkExample;
				PRODUCT_NAME = "$(TARGET_NAME)";
			};
			name = Debug;
		};
		97C1A3231CCE031A000E546C /* Release */ = {
			isa = XCBuildConfiguration;
			buildSettings = {
				ASSETCATALOG_COMPILER_APPICON_NAME = AppIcon;
				DEVELOPMENT_TEAM = 55595GTKJN;
				ENABLE_BITCODE = YES;
				INFOPLIST_FILE = XMNChatFrameworkExample/Info.plist;
				IPHONEOS_DEPLOYMENT_TARGET = 8.0;
				LD_RUNPATH_SEARCH_PATHS = "$(inherited) @executable_path/Frameworks";
				PRODUCT_BUNDLE_IDENTIFIER = com.XMFraker.XMNChatFrameworkExample;
				PRODUCT_NAME = "$(TARGET_NAME)";
			};
			name = Release;
		};
/* End XCBuildConfiguration section */

/* Begin XCConfigurationList section */
		97C1A3051CCE031A000E546C /* Build configuration list for PBXProject "XMNChatFrameworkExample" */ = {
			isa = XCConfigurationList;
			buildConfigurations = (
				97C1A31F1CCE031A000E546C /* Debug */,
				97C1A3201CCE031A000E546C /* Release */,
			);
			defaultConfigurationIsVisible = 0;
			defaultConfigurationName = Release;
		};
		97C1A3211CCE031A000E546C /* Build configuration list for PBXNativeTarget "XMNChatFrameworkExample" */ = {
			isa = XCConfigurationList;
			buildConfigurations = (
				97C1A3221CCE031A000E546C /* Debug */,
				97C1A3231CCE031A000E546C /* Release */,
			);
			defaultConfigurationIsVisible = 0;
			defaultConfigurationName = Release;
		};
/* End XCConfigurationList section */
	};
	rootObject = 97C1A3021CCE031A000E546C /* Project object */;
}
