// !$*UTF8*$!
{
	archiveVersion = 1;
	classes = {
	};
	objectVersion = 46;
	objects = {

/* Begin PBXBuildFile section */
		1E41107B437AC461E1CFFE95 /* libPods.a in Frameworks */ = {isa = PBXBuildFile; fileRef = 5FDE2D94D720DCF73A5354BB /* libPods.a */; };
		9305B1051BA6555600E0C96D /* UIImageView+XMWebImage.m in Sources */ = {isa = PBXBuildFile; fileRef = 9305B1041BA6555600E0C96D /* UIImageView+XMWebImage.m */; };
		9305B10D1BA6578D00E0C96D /* ChatListCell.m in Sources */ = {isa = PBXBuildFile; fileRef = 9305B1081BA6578D00E0C96D /* ChatListCell.m */; };
		9305B10E1BA6578D00E0C96D /* ChatListController.m in Sources */ = {isa = PBXBuildFile; fileRef = 9305B10A1BA6578D00E0C96D /* ChatListController.m */; };
		930F81C61BFF00A5008780F8 /* XMNChatController.m in Sources */ = {isa = PBXBuildFile; fileRef = 930F81C51BFF00A5008780F8 /* XMNChatController.m */; };
		932167691BFDBECC000A521F /* XMNAVAudioPlayer.m in Sources */ = {isa = PBXBuildFile; fileRef = 932167681BFDBECC000A521F /* XMNAVAudioPlayer.m */; };
		9321676C1BFDBEF3000A521F /* NSString+MD5.m in Sources */ = {isa = PBXBuildFile; fileRef = 9321676B1BFDBEF3000A521F /* NSString+MD5.m */; };
		9321676F1BFDBF42000A521F /* XMNChatViewModel.m in Sources */ = {isa = PBXBuildFile; fileRef = 9321676E1BFDBF42000A521F /* XMNChatViewModel.m */; };
		9321FAE41B9D8D0F00921194 /* test_send.png in Resources */ = {isa = PBXBuildFile; fileRef = 9321FAE21B9D8D0F00921194 /* test_send.png */; };
		9321FAE51B9D8D0F00921194 /* test_send2.png in Resources */ = {isa = PBXBuildFile; fileRef = 9321FAE31B9D8D0F00921194 /* test_send2.png */; };
		9325A6F11BF4236300978087 /* XMNFacePageView.m in Sources */ = {isa = PBXBuildFile; fileRef = 9325A6F01BF4236300978087 /* XMNFacePageView.m */; };
		9325A6F51BF4236B00978087 /* SwipeView.m in Sources */ = {isa = PBXBuildFile; fileRef = 9325A6F41BF4236B00978087 /* SwipeView.m */; };
		9335E2231B9EBD89000F4D99 /* UITableView+FDTemplateLayoutCell.m in Sources */ = {isa = PBXBuildFile; fileRef = 9335E1E01B9EBD89000F4D99 /* UITableView+FDTemplateLayoutCell.m */; };
		9335E2241B9EBD89000F4D99 /* chatBar.xcassets in Resources */ = {isa = PBXBuildFile; fileRef = 9335E1E11B9EBD89000F4D99 /* chatBar.xcassets */; };
		9335E2261B9EBD89000F4D99 /* XMLocationController.m in Sources */ = {isa = PBXBuildFile; fileRef = 9335E1E61B9EBD89000F4D99 /* XMLocationController.m */; };
		9335E2271B9EBD89000F4D99 /* face.plist in Resources */ = {isa = PBXBuildFile; fileRef = 9335E1E71B9EBD89000F4D99 /* face.plist */; };
		9335E2291B9EBD89000F4D99 /* XMFaceManager.m in Sources */ = {isa = PBXBuildFile; fileRef = 9335E1EC1B9EBD89000F4D99 /* XMFaceManager.m */; };
		9335E2321B9EBD89000F4D99 /* libmp3lame.a in Frameworks */ = {isa = PBXBuildFile; fileRef = 9335E2061B9EBD89000F4D99 /* libmp3lame.a */; };
		9335E2331B9EBD89000F4D99 /* Mp3Recorder.m in Sources */ = {isa = PBXBuildFile; fileRef = 9335E2081B9EBD89000F4D99 /* Mp3Recorder.m */; };
		9335E2341B9EBD89000F4D99 /* XMLocationManager.m in Sources */ = {isa = PBXBuildFile; fileRef = 9335E20B1B9EBD89000F4D99 /* XMLocationManager.m */; };
		9335E2351B9EBD89000F4D99 /* XMChatBar.m in Sources */ = {isa = PBXBuildFile; fileRef = 9335E20E1B9EBD89000F4D99 /* XMChatBar.m */; };
		9335E2361B9EBD89000F4D99 /* XMChatFaceView.m in Sources */ = {isa = PBXBuildFile; fileRef = 9335E2101B9EBD89000F4D99 /* XMChatFaceView.m */; };
		9335E2371B9EBD89000F4D99 /* XMChatMoreItem.m in Sources */ = {isa = PBXBuildFile; fileRef = 9335E2121B9EBD89000F4D99 /* XMChatMoreItem.m */; };
		9335E2381B9EBD89000F4D99 /* XMChatMoreView.m in Sources */ = {isa = PBXBuildFile; fileRef = 9335E2141B9EBD89000F4D99 /* XMChatMoreView.m */; };
		9335E23C1B9EBD89000F4D99 /* XMProgressHUD.m in Sources */ = {isa = PBXBuildFile; fileRef = 9335E21C1B9EBD89000F4D99 /* XMProgressHUD.m */; };
		933E5A421B954C19008EEBA8 /* RootViewController.m in Sources */ = {isa = PBXBuildFile; fileRef = 933E5A411B954C19008EEBA8 /* RootViewController.m */; };
		9350F47D1BB8E4BF0092EFB7 /* XMChatBarExampleUITests.m in Sources */ = {isa = PBXBuildFile; fileRef = 9350F47C1BB8E4BF0092EFB7 /* XMChatBarExampleUITests.m */; };
		935D231A1C02C9CE0021C066 /* XMNChatServerExample.m in Sources */ = {isa = PBXBuildFile; fileRef = 935D23191C02C9CE0021C066 /* XMNChatServerExample.m */; };
		935D231D1C02D1040021C066 /* UITableView+XMNCellRegister.m in Sources */ = {isa = PBXBuildFile; fileRef = 935D231C1C02D1040021C066 /* UITableView+XMNCellRegister.m */; };
		935D23201C02D2000021C066 /* XMNChatMessageCell+XMNCellIdentifier.m in Sources */ = {isa = PBXBuildFile; fileRef = 935D231F1C02D2000021C066 /* XMNChatMessageCell+XMNCellIdentifier.m */; };
		935D23231C02D84C0021C066 /* XMNSendImageView.m in Sources */ = {isa = PBXBuildFile; fileRef = 935D23221C02D84C0021C066 /* XMNSendImageView.m */; };
		935D23261C02E4AA0021C066 /* XMNMessageStateManager.m in Sources */ = {isa = PBXBuildFile; fileRef = 935D23251C02E4AA0021C066 /* XMNMessageStateManager.m */; };
		93A8EF371BFB048700050752 /* XMNChatImageMessageCell.m in Sources */ = {isa = PBXBuildFile; fileRef = 93A8EF2A1BFB048700050752 /* XMNChatImageMessageCell.m */; };
		93A8EF381BFB048700050752 /* XMNChatLocationMessageCell.m in Sources */ = {isa = PBXBuildFile; fileRef = 93A8EF2C1BFB048700050752 /* XMNChatLocationMessageCell.m */; };
		93A8EF391BFB048700050752 /* XMNChatMessageCell.m in Sources */ = {isa = PBXBuildFile; fileRef = 93A8EF2E1BFB048700050752 /* XMNChatMessageCell.m */; };
		93A8EF3A1BFB048700050752 /* XMNChatSystemMessageCell.m in Sources */ = {isa = PBXBuildFile; fileRef = 93A8EF301BFB048700050752 /* XMNChatSystemMessageCell.m */; };
		93A8EF3B1BFB048700050752 /* XMNChatTextMessageCell.m in Sources */ = {isa = PBXBuildFile; fileRef = 93A8EF321BFB048700050752 /* XMNChatTextMessageCell.m */; };
		93A8EF3C1BFB048700050752 /* XMNChatVoiceMessageCell.m in Sources */ = {isa = PBXBuildFile; fileRef = 93A8EF341BFB048700050752 /* XMNChatVoiceMessageCell.m */; };
		93A8EF3D1BFB048700050752 /* XMNContentView.m in Sources */ = {isa = PBXBuildFile; fileRef = 93A8EF361BFB048700050752 /* XMNContentView.m */; };
		93D5A4601B8187500085D863 /* main.m in Sources */ = {isa = PBXBuildFile; fileRef = 93D5A45F1B8187500085D863 /* main.m */; };
		93D5A4631B8187500085D863 /* AppDelegate.m in Sources */ = {isa = PBXBuildFile; fileRef = 93D5A4621B8187500085D863 /* AppDelegate.m */; };
		93D5A4691B8187500085D863 /* Main.storyboard in Resources */ = {isa = PBXBuildFile; fileRef = 93D5A4671B8187500085D863 /* Main.storyboard */; };
		93D5A46B1B8187500085D863 /* Images.xcassets in Resources */ = {isa = PBXBuildFile; fileRef = 93D5A46A1B8187500085D863 /* Images.xcassets */; };
		93D5A46E1B8187500085D863 /* LaunchScreen.xib in Resources */ = {isa = PBXBuildFile; fileRef = 93D5A46C1B8187500085D863 /* LaunchScreen.xib */; };
		93D5A47A1B8187500085D863 /* XMChatBarExampleTests.m in Sources */ = {isa = PBXBuildFile; fileRef = 93D5A4791B8187500085D863 /* XMChatBarExampleTests.m */; };
/* End PBXBuildFile section */

/* Begin PBXContainerItemProxy section */
		9350F47F1BB8E4BF0092EFB7 /* PBXContainerItemProxy */ = {
			isa = PBXContainerItemProxy;
			containerPortal = 93D5A4521B8187500085D863 /* Project object */;
			proxyType = 1;
			remoteGlobalIDString = 93D5A4591B8187500085D863;
			remoteInfo = XMChatBarExample;
		};
		93D5A4741B8187500085D863 /* PBXContainerItemProxy */ = {
			isa = PBXContainerItemProxy;
			containerPortal = 93D5A4521B8187500085D863 /* Project object */;
			proxyType = 1;
			remoteGlobalIDString = 93D5A4591B8187500085D863;
			remoteInfo = XMChatBarExample;
		};
/* End PBXContainerItemProxy section */

/* Begin PBXFileReference section */
		327D40C22EA158C7EF8FA026 /* Pods.release.xcconfig */ = {isa = PBXFileReference; includeInIndex = 1; lastKnownFileType = text.xcconfig; name = Pods.release.xcconfig; path = "Pods/Target Support Files/Pods/Pods.release.xcconfig"; sourceTree = "<group>"; };
		5FDE2D94D720DCF73A5354BB /* libPods.a */ = {isa = PBXFileReference; explicitFileType = archive.ar; includeInIndex = 0; path = libPods.a; sourceTree = BUILT_PRODUCTS_DIR; };
		9305B1031BA6555600E0C96D /* UIImageView+XMWebImage.h */ = {isa = PBXFileReference; fileEncoding = 4; lastKnownFileType = sourcecode.c.h; path = "UIImageView+XMWebImage.h"; sourceTree = "<group>"; };
		9305B1041BA6555600E0C96D /* UIImageView+XMWebImage.m */ = {isa = PBXFileReference; fileEncoding = 4; lastKnownFileType = sourcecode.c.objc; path = "UIImageView+XMWebImage.m"; sourceTree = "<group>"; };
		9305B1071BA6578D00E0C96D /* ChatListCell.h */ = {isa = PBXFileReference; fileEncoding = 4; lastKnownFileType = sourcecode.c.h; path = ChatListCell.h; sourceTree = "<group>"; };
		9305B1081BA6578D00E0C96D /* ChatListCell.m */ = {isa = PBXFileReference; fileEncoding = 4; lastKnownFileType = sourcecode.c.objc; path = ChatListCell.m; sourceTree = "<group>"; };
		9305B1091BA6578D00E0C96D /* ChatListController.h */ = {isa = PBXFileReference; fileEncoding = 4; lastKnownFileType = sourcecode.c.h; path = ChatListController.h; sourceTree = "<group>"; };
		9305B10A1BA6578D00E0C96D /* ChatListController.m */ = {isa = PBXFileReference; fileEncoding = 4; lastKnownFileType = sourcecode.c.objc; path = ChatListController.m; sourceTree = "<group>"; };
		930F81C41BFF00A5008780F8 /* XMNChatController.h */ = {isa = PBXFileReference; fileEncoding = 4; lastKnownFileType = sourcecode.c.h; path = XMNChatController.h; sourceTree = "<group>"; };
		930F81C51BFF00A5008780F8 /* XMNChatController.m */ = {isa = PBXFileReference; fileEncoding = 4; lastKnownFileType = sourcecode.c.objc; path = XMNChatController.m; sourceTree = "<group>"; };
		932167671BFDBECC000A521F /* XMNAVAudioPlayer.h */ = {isa = PBXFileReference; fileEncoding = 4; lastKnownFileType = sourcecode.c.h; path = XMNAVAudioPlayer.h; sourceTree = "<group>"; };
		932167681BFDBECC000A521F /* XMNAVAudioPlayer.m */ = {isa = PBXFileReference; fileEncoding = 4; lastKnownFileType = sourcecode.c.objc; path = XMNAVAudioPlayer.m; sourceTree = "<group>"; };
		9321676A1BFDBEF3000A521F /* NSString+MD5.h */ = {isa = PBXFileReference; fileEncoding = 4; lastKnownFileType = sourcecode.c.h; path = "NSString+MD5.h"; sourceTree = "<group>"; };
		9321676B1BFDBEF3000A521F /* NSString+MD5.m */ = {isa = PBXFileReference; fileEncoding = 4; lastKnownFileType = sourcecode.c.objc; path = "NSString+MD5.m"; sourceTree = "<group>"; };
		9321676D1BFDBF42000A521F /* XMNChatViewModel.h */ = {isa = PBXFileReference; fileEncoding = 4; lastKnownFileType = sourcecode.c.h; path = XMNChatViewModel.h; sourceTree = "<group>"; };
		9321676E1BFDBF42000A521F /* XMNChatViewModel.m */ = {isa = PBXFileReference; fileEncoding = 4; lastKnownFileType = sourcecode.c.objc; path = XMNChatViewModel.m; sourceTree = "<group>"; };
		9321FAE21B9D8D0F00921194 /* test_send.png */ = {isa = PBXFileReference; lastKnownFileType = image.png; path = test_send.png; sourceTree = "<group>"; };
		9321FAE31B9D8D0F00921194 /* test_send2.png */ = {isa = PBXFileReference; lastKnownFileType = image.png; path = test_send2.png; sourceTree = "<group>"; };
		9325A6EF1BF4236300978087 /* XMNFacePageView.h */ = {isa = PBXFileReference; fileEncoding = 4; lastKnownFileType = sourcecode.c.h; path = XMNFacePageView.h; sourceTree = "<group>"; };
		9325A6F01BF4236300978087 /* XMNFacePageView.m */ = {isa = PBXFileReference; fileEncoding = 4; lastKnownFileType = sourcecode.c.objc; path = XMNFacePageView.m; sourceTree = "<group>"; };
		9325A6F31BF4236B00978087 /* SwipeView.h */ = {isa = PBXFileReference; fileEncoding = 4; lastKnownFileType = sourcecode.c.h; path = SwipeView.h; sourceTree = "<group>"; };
		9325A6F41BF4236B00978087 /* SwipeView.m */ = {isa = PBXFileReference; fileEncoding = 4; lastKnownFileType = sourcecode.c.objc; path = SwipeView.m; sourceTree = "<group>"; };
		9335E1DF1B9EBD89000F4D99 /* UITableView+FDTemplateLayoutCell.h */ = {isa = PBXFileReference; fileEncoding = 4; lastKnownFileType = sourcecode.c.h; path = "UITableView+FDTemplateLayoutCell.h"; sourceTree = "<group>"; };
		9335E1E01B9EBD89000F4D99 /* UITableView+FDTemplateLayoutCell.m */ = {isa = PBXFileReference; fileEncoding = 4; lastKnownFileType = sourcecode.c.objc; path = "UITableView+FDTemplateLayoutCell.m"; sourceTree = "<group>"; };
		9335E1E11B9EBD89000F4D99 /* chatBar.xcassets */ = {isa = PBXFileReference; lastKnownFileType = folder.assetcatalog; path = chatBar.xcassets; sourceTree = "<group>"; };
		9335E1E51B9EBD89000F4D99 /* XMLocationController.h */ = {isa = PBXFileReference; fileEncoding = 4; lastKnownFileType = sourcecode.c.h; path = XMLocationController.h; sourceTree = "<group>"; };
		9335E1E61B9EBD89000F4D99 /* XMLocationController.m */ = {isa = PBXFileReference; fileEncoding = 4; lastKnownFileType = sourcecode.c.objc; path = XMLocationController.m; sourceTree = "<group>"; };
		9335E1E71B9EBD89000F4D99 /* face.plist */ = {isa = PBXFileReference; fileEncoding = 4; lastKnownFileType = text.plist.xml; path = face.plist; sourceTree = "<group>"; };
		9335E1EB1B9EBD89000F4D99 /* XMFaceManager.h */ = {isa = PBXFileReference; fileEncoding = 4; lastKnownFileType = sourcecode.c.h; path = XMFaceManager.h; sourceTree = "<group>"; };
		9335E1EC1B9EBD89000F4D99 /* XMFaceManager.m */ = {isa = PBXFileReference; fileEncoding = 4; lastKnownFileType = sourcecode.c.objc; path = XMFaceManager.m; sourceTree = "<group>"; };
		9335E2051B9EBD89000F4D99 /* lame.h */ = {isa = PBXFileReference; fileEncoding = 4; lastKnownFileType = sourcecode.c.h; path = lame.h; sourceTree = "<group>"; };
		9335E2061B9EBD89000F4D99 /* libmp3lame.a */ = {isa = PBXFileReference; lastKnownFileType = archive.ar; path = libmp3lame.a; sourceTree = "<group>"; };
		9335E2071B9EBD89000F4D99 /* Mp3Recorder.h */ = {isa = PBXFileReference; fileEncoding = 4; lastKnownFileType = sourcecode.c.h; path = Mp3Recorder.h; sourceTree = "<group>"; };
		9335E2081B9EBD89000F4D99 /* Mp3Recorder.m */ = {isa = PBXFileReference; fileEncoding = 4; lastKnownFileType = sourcecode.c.objc; path = Mp3Recorder.m; sourceTree = "<group>"; };
		9335E20A1B9EBD89000F4D99 /* XMLocationManager.h */ = {isa = PBXFileReference; fileEncoding = 4; lastKnownFileType = sourcecode.c.h; path = XMLocationManager.h; sourceTree = "<group>"; };
		9335E20B1B9EBD89000F4D99 /* XMLocationManager.m */ = {isa = PBXFileReference; fileEncoding = 4; lastKnownFileType = sourcecode.c.objc; path = XMLocationManager.m; sourceTree = "<group>"; };
		9335E20D1B9EBD89000F4D99 /* XMChatBar.h */ = {isa = PBXFileReference; fileEncoding = 4; lastKnownFileType = sourcecode.c.h; path = XMChatBar.h; sourceTree = "<group>"; };
		9335E20E1B9EBD89000F4D99 /* XMChatBar.m */ = {isa = PBXFileReference; fileEncoding = 4; lastKnownFileType = sourcecode.c.objc; path = XMChatBar.m; sourceTree = "<group>"; };
		9335E20F1B9EBD89000F4D99 /* XMChatFaceView.h */ = {isa = PBXFileReference; fileEncoding = 4; lastKnownFileType = sourcecode.c.h; path = XMChatFaceView.h; sourceTree = "<group>"; };
		9335E2101B9EBD89000F4D99 /* XMChatFaceView.m */ = {isa = PBXFileReference; fileEncoding = 4; lastKnownFileType = sourcecode.c.objc; path = XMChatFaceView.m; sourceTree = "<group>"; };
		9335E2111B9EBD89000F4D99 /* XMChatMoreItem.h */ = {isa = PBXFileReference; fileEncoding = 4; lastKnownFileType = sourcecode.c.h; path = XMChatMoreItem.h; sourceTree = "<group>"; };
		9335E2121B9EBD89000F4D99 /* XMChatMoreItem.m */ = {isa = PBXFileReference; fileEncoding = 4; lastKnownFileType = sourcecode.c.objc; path = XMChatMoreItem.m; sourceTree = "<group>"; };
		9335E2131B9EBD89000F4D99 /* XMChatMoreView.h */ = {isa = PBXFileReference; fileEncoding = 4; lastKnownFileType = sourcecode.c.h; path = XMChatMoreView.h; sourceTree = "<group>"; };
		9335E2141B9EBD89000F4D99 /* XMChatMoreView.m */ = {isa = PBXFileReference; fileEncoding = 4; lastKnownFileType = sourcecode.c.objc; path = XMChatMoreView.m; sourceTree = "<group>"; };
		9335E21B1B9EBD89000F4D99 /* XMProgressHUD.h */ = {isa = PBXFileReference; fileEncoding = 4; lastKnownFileType = sourcecode.c.h; path = XMProgressHUD.h; sourceTree = "<group>"; };
		9335E21C1B9EBD89000F4D99 /* XMProgressHUD.m */ = {isa = PBXFileReference; fileEncoding = 4; lastKnownFileType = sourcecode.c.objc; path = XMProgressHUD.m; sourceTree = "<group>"; };
		933E5A401B954C19008EEBA8 /* RootViewController.h */ = {isa = PBXFileReference; fileEncoding = 4; lastKnownFileType = sourcecode.c.h; path = RootViewController.h; sourceTree = "<group>"; };
		933E5A411B954C19008EEBA8 /* RootViewController.m */ = {isa = PBXFileReference; fileEncoding = 4; lastKnownFileType = sourcecode.c.objc; path = RootViewController.m; sourceTree = "<group>"; };
		9350F47A1BB8E4BF0092EFB7 /* XMChatBarExampleUITests.xctest */ = {isa = PBXFileReference; explicitFileType = wrapper.cfbundle; includeInIndex = 0; path = XMChatBarExampleUITests.xctest; sourceTree = BUILT_PRODUCTS_DIR; };
		9350F47C1BB8E4BF0092EFB7 /* XMChatBarExampleUITests.m */ = {isa = PBXFileReference; lastKnownFileType = sourcecode.c.objc; path = XMChatBarExampleUITests.m; sourceTree = "<group>"; };
		9350F47E1BB8E4BF0092EFB7 /* Info.plist */ = {isa = PBXFileReference; lastKnownFileType = text.plist.xml; path = Info.plist; sourceTree = "<group>"; };
		935D23171C02B9AE0021C066 /* XMNChatServer.h */ = {isa = PBXFileReference; fileEncoding = 4; lastKnownFileType = sourcecode.c.h; path = XMNChatServer.h; sourceTree = "<group>"; };
		935D23181C02C9CE0021C066 /* XMNChatServerExample.h */ = {isa = PBXFileReference; fileEncoding = 4; lastKnownFileType = sourcecode.c.h; path = XMNChatServerExample.h; sourceTree = "<group>"; };
		935D23191C02C9CE0021C066 /* XMNChatServerExample.m */ = {isa = PBXFileReference; fileEncoding = 4; lastKnownFileType = sourcecode.c.objc; path = XMNChatServerExample.m; sourceTree = "<group>"; };
		935D231B1C02D1040021C066 /* UITableView+XMNCellRegister.h */ = {isa = PBXFileReference; fileEncoding = 4; lastKnownFileType = sourcecode.c.h; path = "UITableView+XMNCellRegister.h"; sourceTree = "<group>"; };
		935D231C1C02D1040021C066 /* UITableView+XMNCellRegister.m */ = {isa = PBXFileReference; fileEncoding = 4; lastKnownFileType = sourcecode.c.objc; path = "UITableView+XMNCellRegister.m"; sourceTree = "<group>"; };
		935D231E1C02D2000021C066 /* XMNChatMessageCell+XMNCellIdentifier.h */ = {isa = PBXFileReference; fileEncoding = 4; lastKnownFileType = sourcecode.c.h; path = "XMNChatMessageCell+XMNCellIdentifier.h"; sourceTree = "<group>"; };
		935D231F1C02D2000021C066 /* XMNChatMessageCell+XMNCellIdentifier.m */ = {isa = PBXFileReference; fileEncoding = 4; lastKnownFileType = sourcecode.c.objc; path = "XMNChatMessageCell+XMNCellIdentifier.m"; sourceTree = "<group>"; };
		935D23211C02D84C0021C066 /* XMNSendImageView.h */ = {isa = PBXFileReference; fileEncoding = 4; lastKnownFileType = sourcecode.c.h; path = XMNSendImageView.h; sourceTree = "<group>"; };
		935D23221C02D84C0021C066 /* XMNSendImageView.m */ = {isa = PBXFileReference; fileEncoding = 4; lastKnownFileType = sourcecode.c.objc; path = XMNSendImageView.m; sourceTree = "<group>"; };
		935D23241C02E4AA0021C066 /* XMNMessageStateManager.h */ = {isa = PBXFileReference; fileEncoding = 4; lastKnownFileType = sourcecode.c.h; path = XMNMessageStateManager.h; sourceTree = "<group>"; };
		935D23251C02E4AA0021C066 /* XMNMessageStateManager.m */ = {isa = PBXFileReference; fileEncoding = 4; lastKnownFileType = sourcecode.c.objc; path = XMNMessageStateManager.m; sourceTree = "<group>"; };
		93A8EF291BFB048700050752 /* XMNChatImageMessageCell.h */ = {isa = PBXFileReference; fileEncoding = 4; lastKnownFileType = sourcecode.c.h; path = XMNChatImageMessageCell.h; sourceTree = "<group>"; };
		93A8EF2A1BFB048700050752 /* XMNChatImageMessageCell.m */ = {isa = PBXFileReference; fileEncoding = 4; lastKnownFileType = sourcecode.c.objc; path = XMNChatImageMessageCell.m; sourceTree = "<group>"; };
		93A8EF2B1BFB048700050752 /* XMNChatLocationMessageCell.h */ = {isa = PBXFileReference; fileEncoding = 4; lastKnownFileType = sourcecode.c.h; path = XMNChatLocationMessageCell.h; sourceTree = "<group>"; };
		93A8EF2C1BFB048700050752 /* XMNChatLocationMessageCell.m */ = {isa = PBXFileReference; fileEncoding = 4; lastKnownFileType = sourcecode.c.objc; path = XMNChatLocationMessageCell.m; sourceTree = "<group>"; };
		93A8EF2D1BFB048700050752 /* XMNChatMessageCell.h */ = {isa = PBXFileReference; fileEncoding = 4; lastKnownFileType = sourcecode.c.h; path = XMNChatMessageCell.h; sourceTree = "<group>"; };
		93A8EF2E1BFB048700050752 /* XMNChatMessageCell.m */ = {isa = PBXFileReference; fileEncoding = 4; lastKnownFileType = sourcecode.c.objc; path = XMNChatMessageCell.m; sourceTree = "<group>"; };
		93A8EF2F1BFB048700050752 /* XMNChatSystemMessageCell.h */ = {isa = PBXFileReference; fileEncoding = 4; lastKnownFileType = sourcecode.c.h; path = XMNChatSystemMessageCell.h; sourceTree = "<group>"; };
		93A8EF301BFB048700050752 /* XMNChatSystemMessageCell.m */ = {isa = PBXFileReference; fileEncoding = 4; lastKnownFileType = sourcecode.c.objc; path = XMNChatSystemMessageCell.m; sourceTree = "<group>"; };
		93A8EF311BFB048700050752 /* XMNChatTextMessageCell.h */ = {isa = PBXFileReference; fileEncoding = 4; lastKnownFileType = sourcecode.c.h; path = XMNChatTextMessageCell.h; sourceTree = "<group>"; };
		93A8EF321BFB048700050752 /* XMNChatTextMessageCell.m */ = {isa = PBXFileReference; fileEncoding = 4; lastKnownFileType = sourcecode.c.objc; path = XMNChatTextMessageCell.m; sourceTree = "<group>"; };
		93A8EF331BFB048700050752 /* XMNChatVoiceMessageCell.h */ = {isa = PBXFileReference; fileEncoding = 4; lastKnownFileType = sourcecode.c.h; path = XMNChatVoiceMessageCell.h; sourceTree = "<group>"; };
		93A8EF341BFB048700050752 /* XMNChatVoiceMessageCell.m */ = {isa = PBXFileReference; fileEncoding = 4; lastKnownFileType = sourcecode.c.objc; path = XMNChatVoiceMessageCell.m; sourceTree = "<group>"; };
		93A8EF351BFB048700050752 /* XMNContentView.h */ = {isa = PBXFileReference; fileEncoding = 4; lastKnownFileType = sourcecode.c.h; path = XMNContentView.h; sourceTree = "<group>"; };
		93A8EF361BFB048700050752 /* XMNContentView.m */ = {isa = PBXFileReference; fileEncoding = 4; lastKnownFileType = sourcecode.c.objc; path = XMNContentView.m; sourceTree = "<group>"; };
		93A8EF3E1BFB049300050752 /* XMNChat.h */ = {isa = PBXFileReference; fileEncoding = 4; lastKnownFileType = sourcecode.c.h; path = XMNChat.h; sourceTree = "<group>"; };
		93A8EF3F1BFB049300050752 /* XMNChatUntiles.h */ = {isa = PBXFileReference; fileEncoding = 4; lastKnownFileType = sourcecode.c.h; path = XMNChatUntiles.h; sourceTree = "<group>"; };
		93D5A45A1B8187500085D863 /* XMChatBarExample.app */ = {isa = PBXFileReference; explicitFileType = wrapper.application; includeInIndex = 0; path = XMChatBarExample.app; sourceTree = BUILT_PRODUCTS_DIR; };
		93D5A45E1B8187500085D863 /* Info.plist */ = {isa = PBXFileReference; lastKnownFileType = text.plist.xml; path = Info.plist; sourceTree = "<group>"; };
		93D5A45F1B8187500085D863 /* main.m */ = {isa = PBXFileReference; lastKnownFileType = sourcecode.c.objc; path = main.m; sourceTree = "<group>"; };
		93D5A4611B8187500085D863 /* AppDelegate.h */ = {isa = PBXFileReference; lastKnownFileType = sourcecode.c.h; path = AppDelegate.h; sourceTree = "<group>"; };
		93D5A4621B8187500085D863 /* AppDelegate.m */ = {isa = PBXFileReference; lastKnownFileType = sourcecode.c.objc; path = AppDelegate.m; sourceTree = "<group>"; };
		93D5A4681B8187500085D863 /* Base */ = {isa = PBXFileReference; lastKnownFileType = file.storyboard; name = Base; path = Base.lproj/Main.storyboard; sourceTree = "<group>"; };
		93D5A46A1B8187500085D863 /* Images.xcassets */ = {isa = PBXFileReference; lastKnownFileType = folder.assetcatalog; path = Images.xcassets; sourceTree = "<group>"; };
		93D5A46D1B8187500085D863 /* Base */ = {isa = PBXFileReference; lastKnownFileType = file.xib; name = Base; path = Base.lproj/LaunchScreen.xib; sourceTree = "<group>"; };
		93D5A4731B8187500085D863 /* XMChatBarExampleTests.xctest */ = {isa = PBXFileReference; explicitFileType = wrapper.cfbundle; includeInIndex = 0; path = XMChatBarExampleTests.xctest; sourceTree = BUILT_PRODUCTS_DIR; };
		93D5A4781B8187500085D863 /* Info.plist */ = {isa = PBXFileReference; lastKnownFileType = text.plist.xml; path = Info.plist; sourceTree = "<group>"; };
		93D5A4791B8187500085D863 /* XMChatBarExampleTests.m */ = {isa = PBXFileReference; lastKnownFileType = sourcecode.c.objc; path = XMChatBarExampleTests.m; sourceTree = "<group>"; };
		9F9385FC96BE12AEFE8854F5 /* Pods.debug.xcconfig */ = {isa = PBXFileReference; includeInIndex = 1; lastKnownFileType = text.xcconfig; name = Pods.debug.xcconfig; path = "Pods/Target Support Files/Pods/Pods.debug.xcconfig"; sourceTree = "<group>"; };
/* End PBXFileReference section */

/* Begin PBXFrameworksBuildPhase section */
		9350F4771BB8E4BF0092EFB7 /* Frameworks */ = {
			isa = PBXFrameworksBuildPhase;
			buildActionMask = 2147483647;
			files = (
			);
			runOnlyForDeploymentPostprocessing = 0;
		};
		93D5A4571B8187500085D863 /* Frameworks */ = {
			isa = PBXFrameworksBuildPhase;
			buildActionMask = 2147483647;
			files = (
				1E41107B437AC461E1CFFE95 /* libPods.a in Frameworks */,
				9335E2321B9EBD89000F4D99 /* libmp3lame.a in Frameworks */,
			);
			runOnlyForDeploymentPostprocessing = 0;
		};
		93D5A4701B8187500085D863 /* Frameworks */ = {
			isa = PBXFrameworksBuildPhase;
			buildActionMask = 2147483647;
			files = (
			);
			runOnlyForDeploymentPostprocessing = 0;
		};
/* End PBXFrameworksBuildPhase section */

/* Begin PBXGroup section */
		023FF0F96EF8833049151E7E /* Pods */ = {
			isa = PBXGroup;
			children = (
				9F9385FC96BE12AEFE8854F5 /* Pods.debug.xcconfig */,
				327D40C22EA158C7EF8FA026 /* Pods.release.xcconfig */,
			);
			name = Pods;
			sourceTree = "<group>";
		};
		822AD1512F3F05CF6DDBB0F9 /* Frameworks */ = {
			isa = PBXGroup;
			children = (
				5FDE2D94D720DCF73A5354BB /* libPods.a */,
			);
			name = Frameworks;
			sourceTree = "<group>";
		};
		9305B1061BA6578D00E0C96D /* ChatList */ = {
			isa = PBXGroup;
			children = (
				9305B1071BA6578D00E0C96D /* ChatListCell.h */,
				9305B1081BA6578D00E0C96D /* ChatListCell.m */,
				9305B1091BA6578D00E0C96D /* ChatListController.h */,
				9305B10A1BA6578D00E0C96D /* ChatListController.m */,
			);
			path = ChatList;
			sourceTree = "<group>";
		};
		9325A6F21BF4236B00978087 /* SwipeView */ = {
			isa = PBXGroup;
			children = (
				9325A6F31BF4236B00978087 /* SwipeView.h */,
				9325A6F41BF4236B00978087 /* SwipeView.m */,
			);
			path = SwipeView;
			sourceTree = "<group>";
		};
		9335E1DD1B9EBD89000F4D99 /* XMChatBar */ = {
			isa = PBXGroup;
			children = (
				93A8EF3E1BFB049300050752 /* XMNChat.h */,
				93A8EF3F1BFB049300050752 /* XMNChatUntiles.h */,
				9321676D1BFDBF42000A521F /* XMNChatViewModel.h */,
				9321676E1BFDBF42000A521F /* XMNChatViewModel.m */,
				9335E1DE1B9EBD89000F4D99 /* Categories */,
				9335E1E11B9EBD89000F4D99 /* chatBar.xcassets */,
				9335E1E21B9EBD89000F4D99 /* Controllers */,
				9335E1E71B9EBD89000F4D99 /* face.plist */,
				9335E1E81B9EBD89000F4D99 /* Helpers */,
				9335E1FA1B9EBD89000F4D99 /* Vendors */,
				9335E20C1B9EBD89000F4D99 /* Views */,
			);
			path = XMChatBar;
			sourceTree = "<group>";
		};
		9335E1DE1B9EBD89000F4D99 /* Categories */ = {
			isa = PBXGroup;
			children = (
				9321676A1BFDBEF3000A521F /* NSString+MD5.h */,
				9321676B1BFDBEF3000A521F /* NSString+MD5.m */,
				9335E1DF1B9EBD89000F4D99 /* UITableView+FDTemplateLayoutCell.h */,
				9335E1E01B9EBD89000F4D99 /* UITableView+FDTemplateLayoutCell.m */,
				935D231B1C02D1040021C066 /* UITableView+XMNCellRegister.h */,
				935D231C1C02D1040021C066 /* UITableView+XMNCellRegister.m */,
				935D231E1C02D2000021C066 /* XMNChatMessageCell+XMNCellIdentifier.h */,
				935D231F1C02D2000021C066 /* XMNChatMessageCell+XMNCellIdentifier.m */,
				9305B1031BA6555600E0C96D /* UIImageView+XMWebImage.h */,
				9305B1041BA6555600E0C96D /* UIImageView+XMWebImage.m */,
			);
			path = Categories;
			sourceTree = "<group>";
		};
		9335E1E21B9EBD89000F4D99 /* Controllers */ = {
			isa = PBXGroup;
			children = (
				9335E1E51B9EBD89000F4D99 /* XMLocationController.h */,
				9335E1E61B9EBD89000F4D99 /* XMLocationController.m */,
				930F81C41BFF00A5008780F8 /* XMNChatController.h */,
				930F81C51BFF00A5008780F8 /* XMNChatController.m */,
			);
			path = Controllers;
			sourceTree = "<group>";
		};
		9335E1E81B9EBD89000F4D99 /* Helpers */ = {
			isa = PBXGroup;
			children = (
				932167671BFDBECC000A521F /* XMNAVAudioPlayer.h */,
				932167681BFDBECC000A521F /* XMNAVAudioPlayer.m */,
				9335E1EB1B9EBD89000F4D99 /* XMFaceManager.h */,
				9335E1EC1B9EBD89000F4D99 /* XMFaceManager.m */,
				935D23241C02E4AA0021C066 /* XMNMessageStateManager.h */,
				935D23251C02E4AA0021C066 /* XMNMessageStateManager.m */,
				935D23171C02B9AE0021C066 /* XMNChatServer.h */,
			);
			path = Helpers;
			sourceTree = "<group>";
		};
		9335E1FA1B9EBD89000F4D99 /* Vendors */ = {
			isa = PBXGroup;
			children = (
				9325A6F21BF4236B00978087 /* SwipeView */,
				9335E2041B9EBD89000F4D99 /* VoiceLib */,
				9335E2091B9EBD89000F4D99 /* XMLocationManager */,
			);
			path = Vendors;
			sourceTree = "<group>";
		};
		9335E2041B9EBD89000F4D99 /* VoiceLib */ = {
			isa = PBXGroup;
			children = (
				9335E2051B9EBD89000F4D99 /* lame.h */,
				9335E2061B9EBD89000F4D99 /* libmp3lame.a */,
				9335E2071B9EBD89000F4D99 /* Mp3Recorder.h */,
				9335E2081B9EBD89000F4D99 /* Mp3Recorder.m */,
			);
			path = VoiceLib;
			sourceTree = "<group>";
		};
		9335E2091B9EBD89000F4D99 /* XMLocationManager */ = {
			isa = PBXGroup;
			children = (
				9335E20A1B9EBD89000F4D99 /* XMLocationManager.h */,
				9335E20B1B9EBD89000F4D99 /* XMLocationManager.m */,
			);
			path = XMLocationManager;
			sourceTree = "<group>";
		};
		9335E20C1B9EBD89000F4D99 /* Views */ = {
			isa = PBXGroup;
			children = (
				93A8EF281BFB048700050752 /* XMNChatMessageCell */,
				9340DA051B9FFF4400EE227F /* XMChatBar */,
			);
			path = Views;
			sourceTree = "<group>";
		};
		9340DA051B9FFF4400EE227F /* XMChatBar */ = {
			isa = PBXGroup;
			children = (
				9335E20D1B9EBD89000F4D99 /* XMChatBar.h */,
				9335E20E1B9EBD89000F4D99 /* XMChatBar.m */,
				9335E20F1B9EBD89000F4D99 /* XMChatFaceView.h */,
				9335E2101B9EBD89000F4D99 /* XMChatFaceView.m */,
				9325A6EF1BF4236300978087 /* XMNFacePageView.h */,
				9325A6F01BF4236300978087 /* XMNFacePageView.m */,
				9335E2111B9EBD89000F4D99 /* XMChatMoreItem.h */,
				9335E2121B9EBD89000F4D99 /* XMChatMoreItem.m */,
				9335E2131B9EBD89000F4D99 /* XMChatMoreView.h */,
				9335E2141B9EBD89000F4D99 /* XMChatMoreView.m */,
				9335E21B1B9EBD89000F4D99 /* XMProgressHUD.h */,
				9335E21C1B9EBD89000F4D99 /* XMProgressHUD.m */,
			);
			name = XMChatBar;
			sourceTree = "<group>";
		};
		9350F47B1BB8E4BF0092EFB7 /* XMChatBarExampleUITests */ = {
			isa = PBXGroup;
			children = (
				9350F47C1BB8E4BF0092EFB7 /* XMChatBarExampleUITests.m */,
				9350F47E1BB8E4BF0092EFB7 /* Info.plist */,
			);
			path = XMChatBarExampleUITests;
			sourceTree = "<group>";
		};
		93A8EF281BFB048700050752 /* XMNChatMessageCell */ = {
			isa = PBXGroup;
			children = (
				93A8EF2D1BFB048700050752 /* XMNChatMessageCell.h */,
				93A8EF2E1BFB048700050752 /* XMNChatMessageCell.m */,
				93A8EF311BFB048700050752 /* XMNChatTextMessageCell.h */,
				93A8EF321BFB048700050752 /* XMNChatTextMessageCell.m */,
				93A8EF291BFB048700050752 /* XMNChatImageMessageCell.h */,
				93A8EF2A1BFB048700050752 /* XMNChatImageMessageCell.m */,
				93A8EF2F1BFB048700050752 /* XMNChatSystemMessageCell.h */,
				93A8EF301BFB048700050752 /* XMNChatSystemMessageCell.m */,
				93A8EF2B1BFB048700050752 /* XMNChatLocationMessageCell.h */,
				93A8EF2C1BFB048700050752 /* XMNChatLocationMessageCell.m */,
				93A8EF331BFB048700050752 /* XMNChatVoiceMessageCell.h */,
				93A8EF341BFB048700050752 /* XMNChatVoiceMessageCell.m */,
				93A8EF351BFB048700050752 /* XMNContentView.h */,
				93A8EF361BFB048700050752 /* XMNContentView.m */,
				935D23211C02D84C0021C066 /* XMNSendImageView.h */,
				935D23221C02D84C0021C066 /* XMNSendImageView.m */,
			);
			path = XMNChatMessageCell;
			sourceTree = "<group>";
		};
		93D5A4511B8187500085D863 = {
			isa = PBXGroup;
			children = (
				9335E1DD1B9EBD89000F4D99 /* XMChatBar */,
				93D5A45C1B8187500085D863 /* XMChatBarExample */,
				93D5A4761B8187500085D863 /* XMChatBarExampleTests */,
				9350F47B1BB8E4BF0092EFB7 /* XMChatBarExampleUITests */,
				93D5A45B1B8187500085D863 /* Products */,
				023FF0F96EF8833049151E7E /* Pods */,
				822AD1512F3F05CF6DDBB0F9 /* Frameworks */,
			);
			sourceTree = "<group>";
		};
		93D5A45B1B8187500085D863 /* Products */ = {
			isa = PBXGroup;
			children = (
				93D5A45A1B8187500085D863 /* XMChatBarExample.app */,
				93D5A4731B8187500085D863 /* XMChatBarExampleTests.xctest */,
				9350F47A1BB8E4BF0092EFB7 /* XMChatBarExampleUITests.xctest */,
			);
			name = Products;
			sourceTree = "<group>";
		};
		93D5A45C1B8187500085D863 /* XMChatBarExample */ = {
			isa = PBXGroup;
			children = (
				93D5A4611B8187500085D863 /* AppDelegate.h */,
				93D5A4621B8187500085D863 /* AppDelegate.m */,
				9321FAE21B9D8D0F00921194 /* test_send.png */,
				9321FAE31B9D8D0F00921194 /* test_send2.png */,
				933E5A401B954C19008EEBA8 /* RootViewController.h */,
				933E5A411B954C19008EEBA8 /* RootViewController.m */,
				935D23181C02C9CE0021C066 /* XMNChatServerExample.h */,
				935D23191C02C9CE0021C066 /* XMNChatServerExample.m */,
				9305B1061BA6578D00E0C96D /* ChatList */,
				93D5A4671B8187500085D863 /* Main.storyboard */,
				93D5A46A1B8187500085D863 /* Images.xcassets */,
				93D5A46C1B8187500085D863 /* LaunchScreen.xib */,
				93D5A45D1B8187500085D863 /* Supporting Files */,
			);
			path = XMChatBarExample;
			sourceTree = "<group>";
		};
		93D5A45D1B8187500085D863 /* Supporting Files */ = {
			isa = PBXGroup;
			children = (
				93D5A45E1B8187500085D863 /* Info.plist */,
				93D5A45F1B8187500085D863 /* main.m */,
			);
			name = "Supporting Files";
			sourceTree = "<group>";
		};
		93D5A4761B8187500085D863 /* XMChatBarExampleTests */ = {
			isa = PBXGroup;
			children = (
				93D5A4791B8187500085D863 /* XMChatBarExampleTests.m */,
				93D5A4771B8187500085D863 /* Supporting Files */,
			);
			path = XMChatBarExampleTests;
			sourceTree = "<group>";
		};
		93D5A4771B8187500085D863 /* Supporting Files */ = {
			isa = PBXGroup;
			children = (
				93D5A4781B8187500085D863 /* Info.plist */,
			);
			name = "Supporting Files";
			sourceTree = "<group>";
		};
/* End PBXGroup section */

/* Begin PBXNativeTarget section */
		9350F4791BB8E4BF0092EFB7 /* XMChatBarExampleUITests */ = {
			isa = PBXNativeTarget;
			buildConfigurationList = 9350F4831BB8E4BF0092EFB7 /* Build configuration list for PBXNativeTarget "XMChatBarExampleUITests" */;
			buildPhases = (
				9350F4761BB8E4BF0092EFB7 /* Sources */,
				9350F4771BB8E4BF0092EFB7 /* Frameworks */,
				9350F4781BB8E4BF0092EFB7 /* Resources */,
			);
			buildRules = (
			);
			dependencies = (
				9350F4801BB8E4BF0092EFB7 /* PBXTargetDependency */,
			);
			name = XMChatBarExampleUITests;
			productName = XMChatBarExampleUITests;
			productReference = 9350F47A1BB8E4BF0092EFB7 /* XMChatBarExampleUITests.xctest */;
			productType = "com.apple.product-type.bundle.ui-testing";
		};
		93D5A4591B8187500085D863 /* XMChatBarExample */ = {
			isa = PBXNativeTarget;
			buildConfigurationList = 93D5A47D1B8187500085D863 /* Build configuration list for PBXNativeTarget "XMChatBarExample" */;
			buildPhases = (
				F9F6A59CDAD9B827B28B3C05 /* Check Pods Manifest.lock */,
				93D5A4561B8187500085D863 /* Sources */,
				93D5A4571B8187500085D863 /* Frameworks */,
				93D5A4581B8187500085D863 /* Resources */,
				4A2D7CC1313604BBC06A3A10 /* Copy Pods Resources */,
			);
			buildRules = (
			);
			dependencies = (
			);
			name = XMChatBarExample;
			productName = XMChatBarExample;
			productReference = 93D5A45A1B8187500085D863 /* XMChatBarExample.app */;
			productType = "com.apple.product-type.application";
		};
		93D5A4721B8187500085D863 /* XMChatBarExampleTests */ = {
			isa = PBXNativeTarget;
			buildConfigurationList = 93D5A4801B8187500085D863 /* Build configuration list for PBXNativeTarget "XMChatBarExampleTests" */;
			buildPhases = (
				93D5A46F1B8187500085D863 /* Sources */,
				93D5A4701B8187500085D863 /* Frameworks */,
				93D5A4711B8187500085D863 /* Resources */,
			);
			buildRules = (
			);
			dependencies = (
				93D5A4751B8187500085D863 /* PBXTargetDependency */,
			);
			name = XMChatBarExampleTests;
			productName = XMChatBarExampleTests;
			productReference = 93D5A4731B8187500085D863 /* XMChatBarExampleTests.xctest */;
			productType = "com.apple.product-type.bundle.unit-test";
		};
/* End PBXNativeTarget section */

/* Begin PBXProject section */
		93D5A4521B8187500085D863 /* Project object */ = {
			isa = PBXProject;
			attributes = {
				LastUpgradeCheck = 0640;
				ORGANIZATIONNAME = xmfraker;
				TargetAttributes = {
					9350F4791BB8E4BF0092EFB7 = {
						CreatedOnToolsVersion = 7.0;
						TestTargetID = 93D5A4591B8187500085D863;
					};
					93D5A4591B8187500085D863 = {
						CreatedOnToolsVersion = 6.4;
					};
					93D5A4721B8187500085D863 = {
						CreatedOnToolsVersion = 6.4;
						TestTargetID = 93D5A4591B8187500085D863;
					};
				};
			};
			buildConfigurationList = 93D5A4551B8187500085D863 /* Build configuration list for PBXProject "XMChatBarExample" */;
			compatibilityVersion = "Xcode 3.2";
			developmentRegion = English;
			hasScannedForEncodings = 0;
			knownRegions = (
				en,
				Base,
			);
			mainGroup = 93D5A4511B8187500085D863;
			productRefGroup = 93D5A45B1B8187500085D863 /* Products */;
			projectDirPath = "";
			projectRoot = "";
			targets = (
				93D5A4591B8187500085D863 /* XMChatBarExample */,
				93D5A4721B8187500085D863 /* XMChatBarExampleTests */,
				9350F4791BB8E4BF0092EFB7 /* XMChatBarExampleUITests */,
			);
		};
/* End PBXProject section */

/* Begin PBXResourcesBuildPhase section */
		9350F4781BB8E4BF0092EFB7 /* Resources */ = {
			isa = PBXResourcesBuildPhase;
			buildActionMask = 2147483647;
			files = (
			);
			runOnlyForDeploymentPostprocessing = 0;
		};
		93D5A4581B8187500085D863 /* Resources */ = {
			isa = PBXResourcesBuildPhase;
			buildActionMask = 2147483647;
			files = (
				9321FAE51B9D8D0F00921194 /* test_send2.png in Resources */,
				93D5A4691B8187500085D863 /* Main.storyboard in Resources */,
				93D5A46E1B8187500085D863 /* LaunchScreen.xib in Resources */,
				9335E2271B9EBD89000F4D99 /* face.plist in Resources */,
				93D5A46B1B8187500085D863 /* Images.xcassets in Resources */,
				9321FAE41B9D8D0F00921194 /* test_send.png in Resources */,
				9335E2241B9EBD89000F4D99 /* chatBar.xcassets in Resources */,
			);
			runOnlyForDeploymentPostprocessing = 0;
		};
		93D5A4711B8187500085D863 /* Resources */ = {
			isa = PBXResourcesBuildPhase;
			buildActionMask = 2147483647;
			files = (
			);
			runOnlyForDeploymentPostprocessing = 0;
		};
/* End PBXResourcesBuildPhase section */

/* Begin PBXShellScriptBuildPhase section */
		4A2D7CC1313604BBC06A3A10 /* Copy Pods Resources */ = {
			isa = PBXShellScriptBuildPhase;
			buildActionMask = 2147483647;
			files = (
			);
			inputPaths = (
			);
			name = "Copy Pods Resources";
			outputPaths = (
			);
			runOnlyForDeploymentPostprocessing = 0;
			shellPath = /bin/sh;
			shellScript = "\"${SRCROOT}/Pods/Target Support Files/Pods/Pods-resources.sh\"\n";
			showEnvVarsInLog = 0;
		};
		F9F6A59CDAD9B827B28B3C05 /* Check Pods Manifest.lock */ = {
			isa = PBXShellScriptBuildPhase;
			buildActionMask = 2147483647;
			files = (
			);
			inputPaths = (
			);
			name = "Check Pods Manifest.lock";
			outputPaths = (
			);
			runOnlyForDeploymentPostprocessing = 0;
			shellPath = /bin/sh;
			shellScript = "diff \"${PODS_ROOT}/../Podfile.lock\" \"${PODS_ROOT}/Manifest.lock\" > /dev/null\nif [[ $? != 0 ]] ; then\n    cat << EOM\nerror: The sandbox is not in sync with the Podfile.lock. Run 'pod install' or update your CocoaPods installation.\nEOM\n    exit 1\nfi\n";
			showEnvVarsInLog = 0;
		};
/* End PBXShellScriptBuildPhase section */

/* Begin PBXSourcesBuildPhase section */
		9350F4761BB8E4BF0092EFB7 /* Sources */ = {
			isa = PBXSourcesBuildPhase;
			buildActionMask = 2147483647;
			files = (
				9350F47D1BB8E4BF0092EFB7 /* XMChatBarExampleUITests.m in Sources */,
			);
			runOnlyForDeploymentPostprocessing = 0;
		};
		93D5A4561B8187500085D863 /* Sources */ = {
			isa = PBXSourcesBuildPhase;
			buildActionMask = 2147483647;
			files = (
				935D23201C02D2000021C066 /* XMNChatMessageCell+XMNCellIdentifier.m in Sources */,
				93A8EF3C1BFB048700050752 /* XMNChatVoiceMessageCell.m in Sources */,
				9305B1051BA6555600E0C96D /* UIImageView+XMWebImage.m in Sources */,
				935D23261C02E4AA0021C066 /* XMNMessageStateManager.m in Sources */,
				93D5A4631B8187500085D863 /* AppDelegate.m in Sources */,
				9335E2291B9EBD89000F4D99 /* XMFaceManager.m in Sources */,
				9335E2261B9EBD89000F4D99 /* XMLocationController.m in Sources */,
				932167691BFDBECC000A521F /* XMNAVAudioPlayer.m in Sources */,
				9335E2341B9EBD89000F4D99 /* XMLocationManager.m in Sources */,
				93A8EF3A1BFB048700050752 /* XMNChatSystemMessageCell.m in Sources */,
				9305B10D1BA6578D00E0C96D /* ChatListCell.m in Sources */,
				9325A6F51BF4236B00978087 /* SwipeView.m in Sources */,
				9321676F1BFDBF42000A521F /* XMNChatViewModel.m in Sources */,
				9335E2231B9EBD89000F4D99 /* UITableView+FDTemplateLayoutCell.m in Sources */,
				9321676C1BFDBEF3000A521F /* NSString+MD5.m in Sources */,
				930F81C61BFF00A5008780F8 /* XMNChatController.m in Sources */,
				93A8EF3D1BFB048700050752 /* XMNContentView.m in Sources */,
				935D231A1C02C9CE0021C066 /* XMNChatServerExample.m in Sources */,
				9335E23C1B9EBD89000F4D99 /* XMProgressHUD.m in Sources */,
				93A8EF371BFB048700050752 /* XMNChatImageMessageCell.m in Sources */,
				9335E2371B9EBD89000F4D99 /* XMChatMoreItem.m in Sources */,
				935D231D1C02D1040021C066 /* UITableView+XMNCellRegister.m in Sources */,
				9335E2381B9EBD89000F4D99 /* XMChatMoreView.m in Sources */,
				9335E2361B9EBD89000F4D99 /* XMChatFaceView.m in Sources */,
				933E5A421B954C19008EEBA8 /* RootViewController.m in Sources */,
				9335E2351B9EBD89000F4D99 /* XMChatBar.m in Sources */,
				935D23231C02D84C0021C066 /* XMNSendImageView.m in Sources */,
				9305B10E1BA6578D00E0C96D /* ChatListController.m in Sources */,
				93A8EF391BFB048700050752 /* XMNChatMessageCell.m in Sources */,
				93D5A4601B8187500085D863 /* main.m in Sources */,
				9335E2331B9EBD89000F4D99 /* Mp3Recorder.m in Sources */,
				93A8EF3B1BFB048700050752 /* XMNChatTextMessageCell.m in Sources */,
				93A8EF381BFB048700050752 /* XMNChatLocationMessageCell.m in Sources */,
				9325A6F11BF4236300978087 /* XMNFacePageView.m in Sources */,
			);
			runOnlyForDeploymentPostprocessing = 0;
		};
		93D5A46F1B8187500085D863 /* Sources */ = {
			isa = PBXSourcesBuildPhase;
			buildActionMask = 2147483647;
			files = (
				93D5A47A1B8187500085D863 /* XMChatBarExampleTests.m in Sources */,
			);
			runOnlyForDeploymentPostprocessing = 0;
		};
/* End PBXSourcesBuildPhase section */

/* Begin PBXTargetDependency section */
		9350F4801BB8E4BF0092EFB7 /* PBXTargetDependency */ = {
			isa = PBXTargetDependency;
			target = 93D5A4591B8187500085D863 /* XMChatBarExample */;
			targetProxy = 9350F47F1BB8E4BF0092EFB7 /* PBXContainerItemProxy */;
		};
		93D5A4751B8187500085D863 /* PBXTargetDependency */ = {
			isa = PBXTargetDependency;
			target = 93D5A4591B8187500085D863 /* XMChatBarExample */;
			targetProxy = 93D5A4741B8187500085D863 /* PBXContainerItemProxy */;
		};
/* End PBXTargetDependency section */

/* Begin PBXVariantGroup section */
		93D5A4671B8187500085D863 /* Main.storyboard */ = {
			isa = PBXVariantGroup;
			children = (
				93D5A4681B8187500085D863 /* Base */,
			);
			name = Main.storyboard;
			sourceTree = "<group>";
		};
		93D5A46C1B8187500085D863 /* LaunchScreen.xib */ = {
			isa = PBXVariantGroup;
			children = (
				93D5A46D1B8187500085D863 /* Base */,
			);
			name = LaunchScreen.xib;
			sourceTree = "<group>";
		};
/* End PBXVariantGroup section */

/* Begin XCBuildConfiguration section */
		9350F4811BB8E4BF0092EFB7 /* Debug */ = {
			isa = XCBuildConfiguration;
			buildSettings = {
				DEBUG_INFORMATION_FORMAT = dwarf;
				ENABLE_TESTABILITY = YES;
				INFOPLIST_FILE = XMChatBarExampleUITests/Info.plist;
				IPHONEOS_DEPLOYMENT_TARGET = 9.0;
				LD_RUNPATH_SEARCH_PATHS = "$(inherited) @executable_path/Frameworks @loader_path/Frameworks";
				PRODUCT_BUNDLE_IDENTIFIER = com.xmfraker.XMChatBarExampleUITests;
				PRODUCT_NAME = "$(TARGET_NAME)";
				TEST_TARGET_NAME = XMChatBarExample;
				USES_XCTRUNNER = YES;
			};
			name = Debug;
		};
		9350F4821BB8E4BF0092EFB7 /* Release */ = {
			isa = XCBuildConfiguration;
			buildSettings = {
				INFOPLIST_FILE = XMChatBarExampleUITests/Info.plist;
				IPHONEOS_DEPLOYMENT_TARGET = 9.0;
				LD_RUNPATH_SEARCH_PATHS = "$(inherited) @executable_path/Frameworks @loader_path/Frameworks";
				PRODUCT_BUNDLE_IDENTIFIER = com.xmfraker.XMChatBarExampleUITests;
				PRODUCT_NAME = "$(TARGET_NAME)";
				TEST_TARGET_NAME = XMChatBarExample;
				USES_XCTRUNNER = YES;
			};
			name = Release;
		};
		93D5A47B1B8187500085D863 /* Debug */ = {
			isa = XCBuildConfiguration;
			buildSettings = {
				ALWAYS_SEARCH_USER_PATHS = NO;
				CLANG_CXX_LANGUAGE_STANDARD = "gnu++0x";
				CLANG_CXX_LIBRARY = "libc++";
				CLANG_ENABLE_MODULES = YES;
				CLANG_ENABLE_OBJC_ARC = YES;
				CLANG_WARN_BOOL_CONVERSION = YES;
				CLANG_WARN_CONSTANT_CONVERSION = YES;
				CLANG_WARN_DIRECT_OBJC_ISA_USAGE = YES_ERROR;
				CLANG_WARN_EMPTY_BODY = YES;
				CLANG_WARN_ENUM_CONVERSION = YES;
				CLANG_WARN_INT_CONVERSION = YES;
				CLANG_WARN_OBJC_ROOT_CLASS = YES_ERROR;
				CLANG_WARN_UNREACHABLE_CODE = YES;
				CLANG_WARN__DUPLICATE_METHOD_MATCH = YES;
				"CODE_SIGN_IDENTITY[sdk=iphoneos*]" = "iPhone Developer";
				COPY_PHASE_STRIP = NO;
				DEBUG_INFORMATION_FORMAT = "dwarf-with-dsym";
				ENABLE_STRICT_OBJC_MSGSEND = YES;
				GCC_C_LANGUAGE_STANDARD = gnu99;
				GCC_DYNAMIC_NO_PIC = NO;
				GCC_NO_COMMON_BLOCKS = YES;
				GCC_OPTIMIZATION_LEVEL = 0;
				GCC_PREPROCESSOR_DEFINITIONS = (
					"DEBUG=1",
					"$(inherited)",
				);
				GCC_SYMBOLS_PRIVATE_EXTERN = NO;
				GCC_WARN_64_TO_32_BIT_CONVERSION = YES;
				GCC_WARN_ABOUT_RETURN_TYPE = YES_ERROR;
				GCC_WARN_UNDECLARED_SELECTOR = YES;
				GCC_WARN_UNINITIALIZED_AUTOS = YES_AGGRESSIVE;
				GCC_WARN_UNUSED_FUNCTION = YES;
				GCC_WARN_UNUSED_VARIABLE = YES;
				IPHONEOS_DEPLOYMENT_TARGET = 8.4;
				MTL_ENABLE_DEBUG_INFO = YES;
				ONLY_ACTIVE_ARCH = YES;
				SDKROOT = iphoneos;
			};
			name = Debug;
		};
		93D5A47C1B8187500085D863 /* Release */ = {
			isa = XCBuildConfiguration;
			buildSettings = {
				ALWAYS_SEARCH_USER_PATHS = NO;
				CLANG_CXX_LANGUAGE_STANDARD = "gnu++0x";
				CLANG_CXX_LIBRARY = "libc++";
				CLANG_ENABLE_MODULES = YES;
				CLANG_ENABLE_OBJC_ARC = YES;
				CLANG_WARN_BOOL_CONVERSION = YES;
				CLANG_WARN_CONSTANT_CONVERSION = YES;
				CLANG_WARN_DIRECT_OBJC_ISA_USAGE = YES_ERROR;
				CLANG_WARN_EMPTY_BODY = YES;
				CLANG_WARN_ENUM_CONVERSION = YES;
				CLANG_WARN_INT_CONVERSION = YES;
				CLANG_WARN_OBJC_ROOT_CLASS = YES_ERROR;
				CLANG_WARN_UNREACHABLE_CODE = YES;
				CLANG_WARN__DUPLICATE_METHOD_MATCH = YES;
				"CODE_SIGN_IDENTITY[sdk=iphoneos*]" = "iPhone Developer";
				COPY_PHASE_STRIP = NO;
				DEBUG_INFORMATION_FORMAT = "dwarf-with-dsym";
				ENABLE_NS_ASSERTIONS = NO;
				ENABLE_STRICT_OBJC_MSGSEND = YES;
				GCC_C_LANGUAGE_STANDARD = gnu99;
				GCC_NO_COMMON_BLOCKS = YES;
				GCC_WARN_64_TO_32_BIT_CONVERSION = YES;
				GCC_WARN_ABOUT_RETURN_TYPE = YES_ERROR;
				GCC_WARN_UNDECLARED_SELECTOR = YES;
				GCC_WARN_UNINITIALIZED_AUTOS = YES_AGGRESSIVE;
				GCC_WARN_UNUSED_FUNCTION = YES;
				GCC_WARN_UNUSED_VARIABLE = YES;
				IPHONEOS_DEPLOYMENT_TARGET = 8.4;
				MTL_ENABLE_DEBUG_INFO = NO;
				SDKROOT = iphoneos;
				VALIDATE_PRODUCT = YES;
			};
			name = Release;
		};
		93D5A47E1B8187500085D863 /* Debug */ = {
			isa = XCBuildConfiguration;
			baseConfigurationReference = 9F9385FC96BE12AEFE8854F5 /* Pods.debug.xcconfig */;
			buildSettings = {
				ASSETCATALOG_COMPILER_APPICON_NAME = AppIcon;
				ENABLE_BITCODE = NO;
				HEADER_SEARCH_PATHS = "$(inherited)";
				INFOPLIST_FILE = XMChatBarExample/Info.plist;
				IPHONEOS_DEPLOYMENT_TARGET = 7.0;
				LD_RUNPATH_SEARCH_PATHS = "$(inherited) @executable_path/Frameworks";
				LIBRARY_SEARCH_PATHS = (
					"$(inherited)",
					"$(PROJECT_DIR)/XMChatBar/Vendors/VoiceLib",
				);
				PRODUCT_NAME = "$(TARGET_NAME)";
				USER_HEADER_SEARCH_PATHS = "";
			};
			name = Debug;
		};
		93D5A47F1B8187500085D863 /* Release */ = {
			isa = XCBuildConfiguration;
			baseConfigurationReference = 327D40C22EA158C7EF8FA026 /* Pods.release.xcconfig */;
			buildSettings = {
				ASSETCATALOG_COMPILER_APPICON_NAME = AppIcon;
				ENABLE_BITCODE = NO;
				HEADER_SEARCH_PATHS = "$(inherited)";
				INFOPLIST_FILE = XMChatBarExample/Info.plist;
				IPHONEOS_DEPLOYMENT_TARGET = 7.0;
				LD_RUNPATH_SEARCH_PATHS = "$(inherited) @executable_path/Frameworks";
				LIBRARY_SEARCH_PATHS = (
					"$(inherited)",
					"$(PROJECT_DIR)/XMChatBar/Vendors/VoiceLib",
				);
				PRODUCT_NAME = "$(TARGET_NAME)";
				USER_HEADER_SEARCH_PATHS = "";
			};
			name = Release;
		};
		93D5A4811B8187500085D863 /* Debug */ = {
			isa = XCBuildConfiguration;
			buildSettings = {
				BUNDLE_LOADER = "$(TEST_HOST)";
				FRAMEWORK_SEARCH_PATHS = (
					"$(SDKROOT)/Developer/Library/Frameworks",
					"$(inherited)",
				);
				GCC_PREPROCESSOR_DEFINITIONS = (
					"DEBUG=1",
					"$(inherited)",
				);
				INFOPLIST_FILE = XMChatBarExampleTests/Info.plist;
				LD_RUNPATH_SEARCH_PATHS = "$(inherited) @executable_path/Frameworks @loader_path/Frameworks";
				PRODUCT_NAME = "$(TARGET_NAME)";
				TEST_HOST = "$(BUILT_PRODUCTS_DIR)/XMChatBarExample.app/XMChatBarExample";
			};
			name = Debug;
		};
		93D5A4821B8187500085D863 /* Release */ = {
			isa = XCBuildConfiguration;
			buildSettings = {
				BUNDLE_LOADER = "$(TEST_HOST)";
				FRAMEWORK_SEARCH_PATHS = (
					"$(SDKROOT)/Developer/Library/Frameworks",
					"$(inherited)",
				);
				INFOPLIST_FILE = XMChatBarExampleTests/Info.plist;
				LD_RUNPATH_SEARCH_PATHS = "$(inherited) @executable_path/Frameworks @loader_path/Frameworks";
				PRODUCT_NAME = "$(TARGET_NAME)";
				TEST_HOST = "$(BUILT_PRODUCTS_DIR)/XMChatBarExample.app/XMChatBarExample";
			};
			name = Release;
		};
/* End XCBuildConfiguration section */

/* Begin XCConfigurationList section */
		9350F4831BB8E4BF0092EFB7 /* Build configuration list for PBXNativeTarget "XMChatBarExampleUITests" */ = {
			isa = XCConfigurationList;
			buildConfigurations = (
				9350F4811BB8E4BF0092EFB7 /* Debug */,
				9350F4821BB8E4BF0092EFB7 /* Release */,
			);
			defaultConfigurationIsVisible = 0;
			defaultConfigurationName = Release;
		};
		93D5A4551B8187500085D863 /* Build configuration list for PBXProject "XMChatBarExample" */ = {
			isa = XCConfigurationList;
			buildConfigurations = (
				93D5A47B1B8187500085D863 /* Debug */,
				93D5A47C1B8187500085D863 /* Release */,
			);
			defaultConfigurationIsVisible = 0;
			defaultConfigurationName = Release;
		};
		93D5A47D1B8187500085D863 /* Build configuration list for PBXNativeTarget "XMChatBarExample" */ = {
			isa = XCConfigurationList;
			buildConfigurations = (
				93D5A47E1B8187500085D863 /* Debug */,
				93D5A47F1B8187500085D863 /* Release */,
			);
			defaultConfigurationIsVisible = 0;
			defaultConfigurationName = Release;
		};
		93D5A4801B8187500085D863 /* Build configuration list for PBXNativeTarget "XMChatBarExampleTests" */ = {
			isa = XCConfigurationList;
			buildConfigurations = (
				93D5A4811B8187500085D863 /* Debug */,
				93D5A4821B8187500085D863 /* Release */,
			);
			defaultConfigurationIsVisible = 0;
			defaultConfigurationName = Release;
		};
/* End XCConfigurationList section */
	};
	rootObject = 93D5A4521B8187500085D863 /* Project object */;
}
