// !$*UTF8*$!
{
	archiveVersion = 1;
	classes = {
	};
	objectVersion = 46;
	objects = {

/* Begin PBXBuildFile section */
		1E41107B437AC461E1CFFE95 /* libPods.a in Frameworks */ = {isa = PBXBuildFile; fileRef = 5FDE2D94D720DCF73A5354BB /* libPods.a */; };
		930A80D41B8C058D000959D4 /* face.plist in Resources */ = {isa = PBXBuildFile; fileRef = 930A80D31B8C058D000959D4 /* face.plist */; };
		930A80D71B8C1052000959D4 /* XMFaceManager.m in Sources */ = {isa = PBXBuildFile; fileRef = 930A80D61B8C1052000959D4 /* XMFaceManager.m */; };
		932CFBEA1B870C5100D9C4AE /* XMChatFaceView.m in Sources */ = {isa = PBXBuildFile; fileRef = 932CFBE91B870C5100D9C4AE /* XMChatFaceView.m */; };
		933E5A421B954C19008EEBA8 /* RootViewController.m in Sources */ = {isa = PBXBuildFile; fileRef = 933E5A411B954C19008EEBA8 /* RootViewController.m */; };
		93D1B37E1B82D5AE00CA602D /* XMChatMoreView.m in Sources */ = {isa = PBXBuildFile; fileRef = 93D1B37D1B82D5AE00CA602D /* XMChatMoreView.m */; };
		93D1B3811B82D74F00CA602D /* XMChatMoreItem.m in Sources */ = {isa = PBXBuildFile; fileRef = 93D1B3801B82D74F00CA602D /* XMChatMoreItem.m */; };
		93D5A4601B8187500085D863 /* main.m in Sources */ = {isa = PBXBuildFile; fileRef = 93D5A45F1B8187500085D863 /* main.m */; };
		93D5A4631B8187500085D863 /* AppDelegate.m in Sources */ = {isa = PBXBuildFile; fileRef = 93D5A4621B8187500085D863 /* AppDelegate.m */; };
		93D5A4691B8187500085D863 /* Main.storyboard in Resources */ = {isa = PBXBuildFile; fileRef = 93D5A4671B8187500085D863 /* Main.storyboard */; };
		93D5A46B1B8187500085D863 /* Images.xcassets in Resources */ = {isa = PBXBuildFile; fileRef = 93D5A46A1B8187500085D863 /* Images.xcassets */; };
		93D5A46E1B8187500085D863 /* LaunchScreen.xib in Resources */ = {isa = PBXBuildFile; fileRef = 93D5A46C1B8187500085D863 /* LaunchScreen.xib */; };
		93D5A47A1B8187500085D863 /* XMChatBarExampleTests.m in Sources */ = {isa = PBXBuildFile; fileRef = 93D5A4791B8187500085D863 /* XMChatBarExampleTests.m */; };
		93D5A5E81B81ADCF0085D863 /* libmp3lame.a in Frameworks */ = {isa = PBXBuildFile; fileRef = 93D5A5CB1B81ADCF0085D863 /* libmp3lame.a */; };
		93D5A5E91B81ADCF0085D863 /* Mp3Recorder.m in Sources */ = {isa = PBXBuildFile; fileRef = 93D5A5CD1B81ADCF0085D863 /* Mp3Recorder.m */; };
		93D5A5EA1B81ADCF0085D863 /* XMChatBar.m in Sources */ = {isa = PBXBuildFile; fileRef = 93D5A5D01B81ADCF0085D863 /* XMChatBar.m */; };
		93D5A5ED1B81AE9B0085D863 /* XMProgressHUD.m in Sources */ = {isa = PBXBuildFile; fileRef = 93D5A5EC1B81AE9B0085D863 /* XMProgressHUD.m */; };
		93D5A5EF1B81B0C00085D863 /* chatBar.xcassets in Resources */ = {isa = PBXBuildFile; fileRef = 93D5A5EE1B81B0C00085D863 /* chatBar.xcassets */; };
		93D5A5F31B81C7D00085D863 /* XMAVAudioPlayer.m in Sources */ = {isa = PBXBuildFile; fileRef = 93D5A5F21B81C7D00085D863 /* XMAVAudioPlayer.m */; };
		93DCBED31B8B020A000BFB6D /* XMLocationController.m in Sources */ = {isa = PBXBuildFile; fileRef = 93DCBED21B8B020A000BFB6D /* XMLocationController.m */; };
		93DCBED71B8B02BD000BFB6D /* XMLocationManager.m in Sources */ = {isa = PBXBuildFile; fileRef = 93DCBED61B8B02BD000BFB6D /* XMLocationManager.m */; };
		93DD25A21B99D52500001A46 /* ChatViewController.m in Sources */ = {isa = PBXBuildFile; fileRef = 93DD25A11B99D52500001A46 /* ChatViewController.m */; };
		93DD25B01B99D56100001A46 /* XMImageMessage.m in Sources */ = {isa = PBXBuildFile; fileRef = 93DD25A51B99D56100001A46 /* XMImageMessage.m */; };
		93DD25B11B99D56100001A46 /* XMLocationMessage.m in Sources */ = {isa = PBXBuildFile; fileRef = 93DD25A71B99D56100001A46 /* XMLocationMessage.m */; };
		93DD25B21B99D56100001A46 /* XMMessage.m in Sources */ = {isa = PBXBuildFile; fileRef = 93DD25A91B99D56100001A46 /* XMMessage.m */; };
		93DD25B31B99D56100001A46 /* XMSystemMessage.m in Sources */ = {isa = PBXBuildFile; fileRef = 93DD25AB1B99D56100001A46 /* XMSystemMessage.m */; };
		93DD25B41B99D56100001A46 /* XMTextMessage.m in Sources */ = {isa = PBXBuildFile; fileRef = 93DD25AD1B99D56100001A46 /* XMTextMessage.m */; };
		93DD25B51B99D56100001A46 /* XMVoiceMessage.m in Sources */ = {isa = PBXBuildFile; fileRef = 93DD25AF1B99D56100001A46 /* XMVoiceMessage.m */; };
		93DD25C41B99D5BD00001A46 /* XMImageMessageCell.m in Sources */ = {isa = PBXBuildFile; fileRef = 93DD25B91B99D5BD00001A46 /* XMImageMessageCell.m */; };
		93DD25C51B99D5BD00001A46 /* XMLocationMessageCell.m in Sources */ = {isa = PBXBuildFile; fileRef = 93DD25BB1B99D5BD00001A46 /* XMLocationMessageCell.m */; };
		93DD25C61B99D5BD00001A46 /* XMMessageCell.m in Sources */ = {isa = PBXBuildFile; fileRef = 93DD25BD1B99D5BD00001A46 /* XMMessageCell.m */; };
		93DD25C71B99D5BD00001A46 /* XMSystemMessageCell.m in Sources */ = {isa = PBXBuildFile; fileRef = 93DD25BF1B99D5BD00001A46 /* XMSystemMessageCell.m */; };
		93DD25C81B99D5BD00001A46 /* XMTextMessageCell.m in Sources */ = {isa = PBXBuildFile; fileRef = 93DD25C11B99D5BD00001A46 /* XMTextMessageCell.m */; };
		93DD25C91B99D5BD00001A46 /* XMVoiceMessageCell.m in Sources */ = {isa = PBXBuildFile; fileRef = 93DD25C31B99D5BD00001A46 /* XMVoiceMessageCell.m */; };
		93DD25D11B99D63400001A46 /* UITableView+FDTemplateLayoutCell.m in Sources */ = {isa = PBXBuildFile; fileRef = 93DD25D01B99D63400001A46 /* UITableView+FDTemplateLayoutCell.m */; };
/* End PBXBuildFile section */

/* Begin PBXContainerItemProxy section */
		93D5A4741B8187500085D863 /* PBXContainerItemProxy */ = {
			isa = PBXContainerItemProxy;
			containerPortal = 93D5A4521B8187500085D863 /* Project object */;
			proxyType = 1;
			remoteGlobalIDString = 93D5A4591B8187500085D863;
			remoteInfo = XMChatBarExample;
		};
/* End PBXContainerItemProxy section */

/* Begin PBXFileReference section */
		327D40C22EA158C7EF8FA026 /* Pods.release.xcconfig */ = {isa = PBXFileReference; includeInIndex = 1; lastKnownFileType = text.xcconfig; name = Pods.release.xcconfig; path = "Pods/Target Support Files/Pods/Pods.release.xcconfig"; sourceTree = "<group>"; };
		5FDE2D94D720DCF73A5354BB /* libPods.a */ = {isa = PBXFileReference; explicitFileType = archive.ar; includeInIndex = 0; path = libPods.a; sourceTree = BUILT_PRODUCTS_DIR; };
		930A80D31B8C058D000959D4 /* face.plist */ = {isa = PBXFileReference; fileEncoding = 4; lastKnownFileType = text.plist.xml; path = face.plist; sourceTree = "<group>"; };
		930A80D51B8C1052000959D4 /* XMFaceManager.h */ = {isa = PBXFileReference; fileEncoding = 4; lastKnownFileType = sourcecode.c.h; path = XMFaceManager.h; sourceTree = "<group>"; };
		930A80D61B8C1052000959D4 /* XMFaceManager.m */ = {isa = PBXFileReference; fileEncoding = 4; lastKnownFileType = sourcecode.c.objc; path = XMFaceManager.m; sourceTree = "<group>"; };
		932CFBE81B870C5100D9C4AE /* XMChatFaceView.h */ = {isa = PBXFileReference; fileEncoding = 4; lastKnownFileType = sourcecode.c.h; path = XMChatFaceView.h; sourceTree = "<group>"; };
		932CFBE91B870C5100D9C4AE /* XMChatFaceView.m */ = {isa = PBXFileReference; fileEncoding = 4; lastKnownFileType = sourcecode.c.objc; path = XMChatFaceView.m; sourceTree = "<group>"; };
		933E5A401B954C19008EEBA8 /* RootViewController.h */ = {isa = PBXFileReference; fileEncoding = 4; lastKnownFileType = sourcecode.c.h; path = RootViewController.h; sourceTree = "<group>"; };
		933E5A411B954C19008EEBA8 /* RootViewController.m */ = {isa = PBXFileReference; fileEncoding = 4; lastKnownFileType = sourcecode.c.objc; path = RootViewController.m; sourceTree = "<group>"; };
		93D1B37C1B82D5AE00CA602D /* XMChatMoreView.h */ = {isa = PBXFileReference; fileEncoding = 4; lastKnownFileType = sourcecode.c.h; path = XMChatMoreView.h; sourceTree = "<group>"; };
		93D1B37D1B82D5AE00CA602D /* XMChatMoreView.m */ = {isa = PBXFileReference; fileEncoding = 4; lastKnownFileType = sourcecode.c.objc; path = XMChatMoreView.m; sourceTree = "<group>"; };
		93D1B37F1B82D74F00CA602D /* XMChatMoreItem.h */ = {isa = PBXFileReference; fileEncoding = 4; lastKnownFileType = sourcecode.c.h; path = XMChatMoreItem.h; sourceTree = "<group>"; };
		93D1B3801B82D74F00CA602D /* XMChatMoreItem.m */ = {isa = PBXFileReference; fileEncoding = 4; lastKnownFileType = sourcecode.c.objc; path = XMChatMoreItem.m; sourceTree = "<group>"; };
		93D5A45A1B8187500085D863 /* XMChatBarExample.app */ = {isa = PBXFileReference; explicitFileType = wrapper.application; includeInIndex = 0; path = XMChatBarExample.app; sourceTree = BUILT_PRODUCTS_DIR; };
		93D5A45E1B8187500085D863 /* Info.plist */ = {isa = PBXFileReference; lastKnownFileType = text.plist.xml; path = Info.plist; sourceTree = "<group>"; };
		93D5A45F1B8187500085D863 /* main.m */ = {isa = PBXFileReference; lastKnownFileType = sourcecode.c.objc; path = main.m; sourceTree = "<group>"; };
		93D5A4611B8187500085D863 /* AppDelegate.h */ = {isa = PBXFileReference; lastKnownFileType = sourcecode.c.h; path = AppDelegate.h; sourceTree = "<group>"; };
		93D5A4621B8187500085D863 /* AppDelegate.m */ = {isa = PBXFileReference; lastKnownFileType = sourcecode.c.objc; path = AppDelegate.m; sourceTree = "<group>"; };
		93D5A4681B8187500085D863 /* Base */ = {isa = PBXFileReference; lastKnownFileType = file.storyboard; name = Base; path = Base.lproj/Main.storyboard; sourceTree = "<group>"; };
		93D5A46A1B8187500085D863 /* Images.xcassets */ = {isa = PBXFileReference; lastKnownFileType = folder.assetcatalog; path = Images.xcassets; sourceTree = "<group>"; };
		93D5A46D1B8187500085D863 /* Base */ = {isa = PBXFileReference; lastKnownFileType = file.xib; name = Base; path = Base.lproj/LaunchScreen.xib; sourceTree = "<group>"; };
		93D5A4731B8187500085D863 /* XMChatBarExampleTests.xctest */ = {isa = PBXFileReference; explicitFileType = wrapper.cfbundle; includeInIndex = 0; path = XMChatBarExampleTests.xctest; sourceTree = BUILT_PRODUCTS_DIR; };
		93D5A4781B8187500085D863 /* Info.plist */ = {isa = PBXFileReference; lastKnownFileType = text.plist.xml; path = Info.plist; sourceTree = "<group>"; };
		93D5A4791B8187500085D863 /* XMChatBarExampleTests.m */ = {isa = PBXFileReference; lastKnownFileType = sourcecode.c.objc; path = XMChatBarExampleTests.m; sourceTree = "<group>"; };
		93D5A5CA1B81ADCF0085D863 /* lame.h */ = {isa = PBXFileReference; fileEncoding = 4; lastKnownFileType = sourcecode.c.h; path = lame.h; sourceTree = "<group>"; };
		93D5A5CB1B81ADCF0085D863 /* libmp3lame.a */ = {isa = PBXFileReference; lastKnownFileType = archive.ar; path = libmp3lame.a; sourceTree = "<group>"; };
		93D5A5CC1B81ADCF0085D863 /* Mp3Recorder.h */ = {isa = PBXFileReference; fileEncoding = 4; lastKnownFileType = sourcecode.c.h; path = Mp3Recorder.h; sourceTree = "<group>"; };
		93D5A5CD1B81ADCF0085D863 /* Mp3Recorder.m */ = {isa = PBXFileReference; fileEncoding = 4; lastKnownFileType = sourcecode.c.objc; path = Mp3Recorder.m; sourceTree = "<group>"; };
		93D5A5CF1B81ADCF0085D863 /* XMChatBar.h */ = {isa = PBXFileReference; fileEncoding = 4; lastKnownFileType = sourcecode.c.h; path = XMChatBar.h; sourceTree = "<group>"; };
		93D5A5D01B81ADCF0085D863 /* XMChatBar.m */ = {isa = PBXFileReference; fileEncoding = 4; lastKnownFileType = sourcecode.c.objc; path = XMChatBar.m; sourceTree = "<group>"; };
		93D5A5EB1B81AE9B0085D863 /* XMProgressHUD.h */ = {isa = PBXFileReference; fileEncoding = 4; lastKnownFileType = sourcecode.c.h; path = XMProgressHUD.h; sourceTree = "<group>"; };
		93D5A5EC1B81AE9B0085D863 /* XMProgressHUD.m */ = {isa = PBXFileReference; fileEncoding = 4; lastKnownFileType = sourcecode.c.objc; path = XMProgressHUD.m; sourceTree = "<group>"; };
		93D5A5EE1B81B0C00085D863 /* chatBar.xcassets */ = {isa = PBXFileReference; lastKnownFileType = folder.assetcatalog; path = chatBar.xcassets; sourceTree = "<group>"; };
		93D5A5F11B81C7D00085D863 /* XMAVAudioPlayer.h */ = {isa = PBXFileReference; fileEncoding = 4; lastKnownFileType = sourcecode.c.h; path = XMAVAudioPlayer.h; sourceTree = "<group>"; };
		93D5A5F21B81C7D00085D863 /* XMAVAudioPlayer.m */ = {isa = PBXFileReference; fileEncoding = 4; lastKnownFileType = sourcecode.c.objc; path = XMAVAudioPlayer.m; sourceTree = "<group>"; };
		93DCBED11B8B020A000BFB6D /* XMLocationController.h */ = {isa = PBXFileReference; fileEncoding = 4; lastKnownFileType = sourcecode.c.h; path = XMLocationController.h; sourceTree = "<group>"; };
		93DCBED21B8B020A000BFB6D /* XMLocationController.m */ = {isa = PBXFileReference; fileEncoding = 4; lastKnownFileType = sourcecode.c.objc; path = XMLocationController.m; sourceTree = "<group>"; };
		93DCBED51B8B02BD000BFB6D /* XMLocationManager.h */ = {isa = PBXFileReference; fileEncoding = 4; lastKnownFileType = sourcecode.c.h; path = XMLocationManager.h; sourceTree = "<group>"; };
		93DCBED61B8B02BD000BFB6D /* XMLocationManager.m */ = {isa = PBXFileReference; fileEncoding = 4; lastKnownFileType = sourcecode.c.objc; path = XMLocationManager.m; sourceTree = "<group>"; };
		93DD25A01B99D52500001A46 /* ChatViewController.h */ = {isa = PBXFileReference; fileEncoding = 4; lastKnownFileType = sourcecode.c.h; path = ChatViewController.h; sourceTree = "<group>"; };
		93DD25A11B99D52500001A46 /* ChatViewController.m */ = {isa = PBXFileReference; fileEncoding = 4; lastKnownFileType = sourcecode.c.objc; path = ChatViewController.m; sourceTree = "<group>"; };
		93DD25A41B99D56100001A46 /* XMImageMessage.h */ = {isa = PBXFileReference; fileEncoding = 4; lastKnownFileType = sourcecode.c.h; path = XMImageMessage.h; sourceTree = "<group>"; };
		93DD25A51B99D56100001A46 /* XMImageMessage.m */ = {isa = PBXFileReference; fileEncoding = 4; lastKnownFileType = sourcecode.c.objc; path = XMImageMessage.m; sourceTree = "<group>"; };
		93DD25A61B99D56100001A46 /* XMLocationMessage.h */ = {isa = PBXFileReference; fileEncoding = 4; lastKnownFileType = sourcecode.c.h; path = XMLocationMessage.h; sourceTree = "<group>"; };
		93DD25A71B99D56100001A46 /* XMLocationMessage.m */ = {isa = PBXFileReference; fileEncoding = 4; lastKnownFileType = sourcecode.c.objc; path = XMLocationMessage.m; sourceTree = "<group>"; };
		93DD25A81B99D56100001A46 /* XMMessage.h */ = {isa = PBXFileReference; fileEncoding = 4; lastKnownFileType = sourcecode.c.h; path = XMMessage.h; sourceTree = "<group>"; };
		93DD25A91B99D56100001A46 /* XMMessage.m */ = {isa = PBXFileReference; fileEncoding = 4; lastKnownFileType = sourcecode.c.objc; path = XMMessage.m; sourceTree = "<group>"; };
		93DD25AA1B99D56100001A46 /* XMSystemMessage.h */ = {isa = PBXFileReference; fileEncoding = 4; lastKnownFileType = sourcecode.c.h; path = XMSystemMessage.h; sourceTree = "<group>"; };
		93DD25AB1B99D56100001A46 /* XMSystemMessage.m */ = {isa = PBXFileReference; fileEncoding = 4; lastKnownFileType = sourcecode.c.objc; path = XMSystemMessage.m; sourceTree = "<group>"; };
		93DD25AC1B99D56100001A46 /* XMTextMessage.h */ = {isa = PBXFileReference; fileEncoding = 4; lastKnownFileType = sourcecode.c.h; path = XMTextMessage.h; sourceTree = "<group>"; };
		93DD25AD1B99D56100001A46 /* XMTextMessage.m */ = {isa = PBXFileReference; fileEncoding = 4; lastKnownFileType = sourcecode.c.objc; path = XMTextMessage.m; sourceTree = "<group>"; };
		93DD25AE1B99D56100001A46 /* XMVoiceMessage.h */ = {isa = PBXFileReference; fileEncoding = 4; lastKnownFileType = sourcecode.c.h; path = XMVoiceMessage.h; sourceTree = "<group>"; };
		93DD25AF1B99D56100001A46 /* XMVoiceMessage.m */ = {isa = PBXFileReference; fileEncoding = 4; lastKnownFileType = sourcecode.c.objc; path = XMVoiceMessage.m; sourceTree = "<group>"; };
		93DD25B81B99D5BD00001A46 /* XMImageMessageCell.h */ = {isa = PBXFileReference; fileEncoding = 4; lastKnownFileType = sourcecode.c.h; path = XMImageMessageCell.h; sourceTree = "<group>"; };
		93DD25B91B99D5BD00001A46 /* XMImageMessageCell.m */ = {isa = PBXFileReference; fileEncoding = 4; lastKnownFileType = sourcecode.c.objc; path = XMImageMessageCell.m; sourceTree = "<group>"; };
		93DD25BA1B99D5BD00001A46 /* XMLocationMessageCell.h */ = {isa = PBXFileReference; fileEncoding = 4; lastKnownFileType = sourcecode.c.h; path = XMLocationMessageCell.h; sourceTree = "<group>"; };
		93DD25BB1B99D5BD00001A46 /* XMLocationMessageCell.m */ = {isa = PBXFileReference; fileEncoding = 4; lastKnownFileType = sourcecode.c.objc; path = XMLocationMessageCell.m; sourceTree = "<group>"; };
		93DD25BC1B99D5BD00001A46 /* XMMessageCell.h */ = {isa = PBXFileReference; fileEncoding = 4; lastKnownFileType = sourcecode.c.h; path = XMMessageCell.h; sourceTree = "<group>"; };
		93DD25BD1B99D5BD00001A46 /* XMMessageCell.m */ = {isa = PBXFileReference; fileEncoding = 4; lastKnownFileType = sourcecode.c.objc; path = XMMessageCell.m; sourceTree = "<group>"; };
		93DD25BE1B99D5BD00001A46 /* XMSystemMessageCell.h */ = {isa = PBXFileReference; fileEncoding = 4; lastKnownFileType = sourcecode.c.h; path = XMSystemMessageCell.h; sourceTree = "<group>"; };
		93DD25BF1B99D5BD00001A46 /* XMSystemMessageCell.m */ = {isa = PBXFileReference; fileEncoding = 4; lastKnownFileType = sourcecode.c.objc; path = XMSystemMessageCell.m; sourceTree = "<group>"; };
		93DD25C01B99D5BD00001A46 /* XMTextMessageCell.h */ = {isa = PBXFileReference; fileEncoding = 4; lastKnownFileType = sourcecode.c.h; path = XMTextMessageCell.h; sourceTree = "<group>"; };
		93DD25C11B99D5BD00001A46 /* XMTextMessageCell.m */ = {isa = PBXFileReference; fileEncoding = 4; lastKnownFileType = sourcecode.c.objc; path = XMTextMessageCell.m; sourceTree = "<group>"; };
		93DD25C21B99D5BD00001A46 /* XMVoiceMessageCell.h */ = {isa = PBXFileReference; fileEncoding = 4; lastKnownFileType = sourcecode.c.h; path = XMVoiceMessageCell.h; sourceTree = "<group>"; };
		93DD25C31B99D5BD00001A46 /* XMVoiceMessageCell.m */ = {isa = PBXFileReference; fileEncoding = 4; lastKnownFileType = sourcecode.c.objc; path = XMVoiceMessageCell.m; sourceTree = "<group>"; };
		93DD25CF1B99D63400001A46 /* UITableView+FDTemplateLayoutCell.h */ = {isa = PBXFileReference; fileEncoding = 4; lastKnownFileType = sourcecode.c.h; path = "UITableView+FDTemplateLayoutCell.h"; sourceTree = "<group>"; };
		93DD25D01B99D63400001A46 /* UITableView+FDTemplateLayoutCell.m */ = {isa = PBXFileReference; fileEncoding = 4; lastKnownFileType = sourcecode.c.objc; path = "UITableView+FDTemplateLayoutCell.m"; sourceTree = "<group>"; };
		9F9385FC96BE12AEFE8854F5 /* Pods.debug.xcconfig */ = {isa = PBXFileReference; includeInIndex = 1; lastKnownFileType = text.xcconfig; name = Pods.debug.xcconfig; path = "Pods/Target Support Files/Pods/Pods.debug.xcconfig"; sourceTree = "<group>"; };
/* End PBXFileReference section */

/* Begin PBXFrameworksBuildPhase section */
		93D5A4571B8187500085D863 /* Frameworks */ = {
			isa = PBXFrameworksBuildPhase;
			buildActionMask = 2147483647;
			files = (
				93D5A5E81B81ADCF0085D863 /* libmp3lame.a in Frameworks */,
				1E41107B437AC461E1CFFE95 /* libPods.a in Frameworks */,
			);
			runOnlyForDeploymentPostprocessing = 0;
		};
		93D5A4701B8187500085D863 /* Frameworks */ = {
			isa = PBXFrameworksBuildPhase;
			buildActionMask = 2147483647;
			files = (
			);
			runOnlyForDeploymentPostprocessing = 0;
		};
/* End PBXFrameworksBuildPhase section */

/* Begin PBXGroup section */
		023FF0F96EF8833049151E7E /* Pods */ = {
			isa = PBXGroup;
			children = (
				9F9385FC96BE12AEFE8854F5 /* Pods.debug.xcconfig */,
				327D40C22EA158C7EF8FA026 /* Pods.release.xcconfig */,
			);
			name = Pods;
			sourceTree = "<group>";
		};
		822AD1512F3F05CF6DDBB0F9 /* Frameworks */ = {
			isa = PBXGroup;
			children = (
				5FDE2D94D720DCF73A5354BB /* libPods.a */,
			);
			name = Frameworks;
			sourceTree = "<group>";
		};
		93D5A4511B8187500085D863 = {
			isa = PBXGroup;
			children = (
				93D5A45C1B8187500085D863 /* XMChatBarExample */,
				93D5A4761B8187500085D863 /* XMChatBarExampleTests */,
				93D5A45B1B8187500085D863 /* Products */,
				023FF0F96EF8833049151E7E /* Pods */,
				822AD1512F3F05CF6DDBB0F9 /* Frameworks */,
			);
			sourceTree = "<group>";
		};
		93D5A45B1B8187500085D863 /* Products */ = {
			isa = PBXGroup;
			children = (
				93D5A45A1B8187500085D863 /* XMChatBarExample.app */,
				93D5A4731B8187500085D863 /* XMChatBarExampleTests.xctest */,
			);
			name = Products;
			sourceTree = "<group>";
		};
		93D5A45C1B8187500085D863 /* XMChatBarExample */ = {
			isa = PBXGroup;
			children = (
				93D5A4831B8187630085D863 /* XMChatBar */,
				93D5A4611B8187500085D863 /* AppDelegate.h */,
				93D5A4621B8187500085D863 /* AppDelegate.m */,
				933E5A401B954C19008EEBA8 /* RootViewController.h */,
				933E5A411B954C19008EEBA8 /* RootViewController.m */,
				93D5A4671B8187500085D863 /* Main.storyboard */,
				93D5A46A1B8187500085D863 /* Images.xcassets */,
				93D5A46C1B8187500085D863 /* LaunchScreen.xib */,
				93D5A45D1B8187500085D863 /* Supporting Files */,
			);
			path = XMChatBarExample;
			sourceTree = "<group>";
		};
		93D5A45D1B8187500085D863 /* Supporting Files */ = {
			isa = PBXGroup;
			children = (
				93D5A45E1B8187500085D863 /* Info.plist */,
				93D5A45F1B8187500085D863 /* main.m */,
			);
			name = "Supporting Files";
			sourceTree = "<group>";
		};
		93D5A4761B8187500085D863 /* XMChatBarExampleTests */ = {
			isa = PBXGroup;
			children = (
				93D5A4791B8187500085D863 /* XMChatBarExampleTests.m */,
				93D5A4771B8187500085D863 /* Supporting Files */,
			);
			path = XMChatBarExampleTests;
			sourceTree = "<group>";
		};
		93D5A4771B8187500085D863 /* Supporting Files */ = {
			isa = PBXGroup;
			children = (
				93D5A4781B8187500085D863 /* Info.plist */,
			);
			name = "Supporting Files";
			sourceTree = "<group>";
		};
		93D5A4831B8187630085D863 /* XMChatBar */ = {
			isa = PBXGroup;
			children = (
				93DD25CE1B99D62400001A46 /* Categories */,
				93DD25A31B99D54300001A46 /* Models */,
				93DCBED01B8B01F6000BFB6D /* Controllers */,
				93D5A5F01B81C7B90085D863 /* Helpers */,
				93D5A58F1B81ADCF0085D863 /* Vendors */,
				93D5A5CE1B81ADCF0085D863 /* Views */,
				93D5A5EE1B81B0C00085D863 /* chatBar.xcassets */,
				930A80D31B8C058D000959D4 /* face.plist */,
			);
			path = XMChatBar;
			sourceTree = "<group>";
		};
		93D5A58F1B81ADCF0085D863 /* Vendors */ = {
			isa = PBXGroup;
			children = (
				93DCBED41B8B02BD000BFB6D /* XMLocationManager */,
				93D5A5C91B81ADCF0085D863 /* VoiceLib */,
			);
			path = Vendors;
			sourceTree = "<group>";
		};
		93D5A5C91B81ADCF0085D863 /* VoiceLib */ = {
			isa = PBXGroup;
			children = (
				93D5A5CA1B81ADCF0085D863 /* lame.h */,
				93D5A5CB1B81ADCF0085D863 /* libmp3lame.a */,
				93D5A5CC1B81ADCF0085D863 /* Mp3Recorder.h */,
				93D5A5CD1B81ADCF0085D863 /* Mp3Recorder.m */,
			);
			path = VoiceLib;
			sourceTree = "<group>";
		};
		93D5A5CE1B81ADCF0085D863 /* Views */ = {
			isa = PBXGroup;
			children = (
				93DD25B71B99D59D00001A46 /* XMChatView */,
				93DD25B61B99D58A00001A46 /* XMChatBar */,
			);
			path = Views;
			sourceTree = "<group>";
		};
		93D5A5F01B81C7B90085D863 /* Helpers */ = {
			isa = PBXGroup;
			children = (
				93D5A5F11B81C7D00085D863 /* XMAVAudioPlayer.h */,
				93D5A5F21B81C7D00085D863 /* XMAVAudioPlayer.m */,
				930A80D51B8C1052000959D4 /* XMFaceManager.h */,
				930A80D61B8C1052000959D4 /* XMFaceManager.m */,
			);
			path = Helpers;
			sourceTree = "<group>";
		};
		93DCBED01B8B01F6000BFB6D /* Controllers */ = {
			isa = PBXGroup;
			children = (
				93DD25A01B99D52500001A46 /* ChatViewController.h */,
				93DD25A11B99D52500001A46 /* ChatViewController.m */,
				93DCBED11B8B020A000BFB6D /* XMLocationController.h */,
				93DCBED21B8B020A000BFB6D /* XMLocationController.m */,
			);
			path = Controllers;
			sourceTree = "<group>";
		};
		93DCBED41B8B02BD000BFB6D /* XMLocationManager */ = {
			isa = PBXGroup;
			children = (
				93DCBED51B8B02BD000BFB6D /* XMLocationManager.h */,
				93DCBED61B8B02BD000BFB6D /* XMLocationManager.m */,
			);
			path = XMLocationManager;
			sourceTree = "<group>";
		};
		93DD25A31B99D54300001A46 /* Models */ = {
			isa = PBXGroup;
			children = (
				93DD25A81B99D56100001A46 /* XMMessage.h */,
				93DD25A91B99D56100001A46 /* XMMessage.m */,
				93DD25A41B99D56100001A46 /* XMImageMessage.h */,
				93DD25A51B99D56100001A46 /* XMImageMessage.m */,
				93DD25A61B99D56100001A46 /* XMLocationMessage.h */,
				93DD25A71B99D56100001A46 /* XMLocationMessage.m */,
				93DD25AA1B99D56100001A46 /* XMSystemMessage.h */,
				93DD25AB1B99D56100001A46 /* XMSystemMessage.m */,
				93DD25AC1B99D56100001A46 /* XMTextMessage.h */,
				93DD25AD1B99D56100001A46 /* XMTextMessage.m */,
				93DD25AE1B99D56100001A46 /* XMVoiceMessage.h */,
				93DD25AF1B99D56100001A46 /* XMVoiceMessage.m */,
			);
			path = Models;
			sourceTree = "<group>";
		};
		93DD25B61B99D58A00001A46 /* XMChatBar */ = {
			isa = PBXGroup;
			children = (
				93D5A5CF1B81ADCF0085D863 /* XMChatBar.h */,
				93D5A5D01B81ADCF0085D863 /* XMChatBar.m */,
				93D1B37C1B82D5AE00CA602D /* XMChatMoreView.h */,
				93D1B37D1B82D5AE00CA602D /* XMChatMoreView.m */,
				932CFBE81B870C5100D9C4AE /* XMChatFaceView.h */,
				932CFBE91B870C5100D9C4AE /* XMChatFaceView.m */,
				93D1B37F1B82D74F00CA602D /* XMChatMoreItem.h */,
				93D1B3801B82D74F00CA602D /* XMChatMoreItem.m */,
				93D5A5EB1B81AE9B0085D863 /* XMProgressHUD.h */,
				93D5A5EC1B81AE9B0085D863 /* XMProgressHUD.m */,
			);
			name = XMChatBar;
			sourceTree = "<group>";
		};
		93DD25B71B99D59D00001A46 /* XMChatView */ = {
			isa = PBXGroup;
			children = (
				93DD25BC1B99D5BD00001A46 /* XMMessageCell.h */,
				93DD25BD1B99D5BD00001A46 /* XMMessageCell.m */,
				93DD25B81B99D5BD00001A46 /* XMImageMessageCell.h */,
				93DD25B91B99D5BD00001A46 /* XMImageMessageCell.m */,
				93DD25BA1B99D5BD00001A46 /* XMLocationMessageCell.h */,
				93DD25BB1B99D5BD00001A46 /* XMLocationMessageCell.m */,
				93DD25BE1B99D5BD00001A46 /* XMSystemMessageCell.h */,
				93DD25BF1B99D5BD00001A46 /* XMSystemMessageCell.m */,
				93DD25C01B99D5BD00001A46 /* XMTextMessageCell.h */,
				93DD25C11B99D5BD00001A46 /* XMTextMessageCell.m */,
				93DD25C21B99D5BD00001A46 /* XMVoiceMessageCell.h */,
				93DD25C31B99D5BD00001A46 /* XMVoiceMessageCell.m */,
			);
			name = XMChatView;
			sourceTree = "<group>";
		};
		93DD25CE1B99D62400001A46 /* Categories */ = {
			isa = PBXGroup;
			children = (
				93DD25CF1B99D63400001A46 /* UITableView+FDTemplateLayoutCell.h */,
				93DD25D01B99D63400001A46 /* UITableView+FDTemplateLayoutCell.m */,
			);
			path = Categories;
			sourceTree = "<group>";
		};
/* End PBXGroup section */

/* Begin PBXNativeTarget section */
		93D5A4591B8187500085D863 /* XMChatBarExample */ = {
			isa = PBXNativeTarget;
			buildConfigurationList = 93D5A47D1B8187500085D863 /* Build configuration list for PBXNativeTarget "XMChatBarExample" */;
			buildPhases = (
				F9F6A59CDAD9B827B28B3C05 /* Check Pods Manifest.lock */,
				93D5A4561B8187500085D863 /* Sources */,
				93D5A4571B8187500085D863 /* Frameworks */,
				93D5A4581B8187500085D863 /* Resources */,
				4A2D7CC1313604BBC06A3A10 /* Copy Pods Resources */,
			);
			buildRules = (
			);
			dependencies = (
			);
			name = XMChatBarExample;
			productName = XMChatBarExample;
			productReference = 93D5A45A1B8187500085D863 /* XMChatBarExample.app */;
			productType = "com.apple.product-type.application";
		};
		93D5A4721B8187500085D863 /* XMChatBarExampleTests */ = {
			isa = PBXNativeTarget;
			buildConfigurationList = 93D5A4801B8187500085D863 /* Build configuration list for PBXNativeTarget "XMChatBarExampleTests" */;
			buildPhases = (
				93D5A46F1B8187500085D863 /* Sources */,
				93D5A4701B8187500085D863 /* Frameworks */,
				93D5A4711B8187500085D863 /* Resources */,
			);
			buildRules = (
			);
			dependencies = (
				93D5A4751B8187500085D863 /* PBXTargetDependency */,
			);
			name = XMChatBarExampleTests;
			productName = XMChatBarExampleTests;
			productReference = 93D5A4731B8187500085D863 /* XMChatBarExampleTests.xctest */;
			productType = "com.apple.product-type.bundle.unit-test";
		};
/* End PBXNativeTarget section */

/* Begin PBXProject section */
		93D5A4521B8187500085D863 /* Project object */ = {
			isa = PBXProject;
			attributes = {
				LastUpgradeCheck = 0640;
				ORGANIZATIONNAME = xmfraker;
				TargetAttributes = {
					93D5A4591B8187500085D863 = {
						CreatedOnToolsVersion = 6.4;
					};
					93D5A4721B8187500085D863 = {
						CreatedOnToolsVersion = 6.4;
						TestTargetID = 93D5A4591B8187500085D863;
					};
				};
			};
			buildConfigurationList = 93D5A4551B8187500085D863 /* Build configuration list for PBXProject "XMChatBarExample" */;
			compatibilityVersion = "Xcode 3.2";
			developmentRegion = English;
			hasScannedForEncodings = 0;
			knownRegions = (
				en,
				Base,
			);
			mainGroup = 93D5A4511B8187500085D863;
			productRefGroup = 93D5A45B1B8187500085D863 /* Products */;
			projectDirPath = "";
			projectRoot = "";
			targets = (
				93D5A4591B8187500085D863 /* XMChatBarExample */,
				93D5A4721B8187500085D863 /* XMChatBarExampleTests */,
			);
		};
/* End PBXProject section */

/* Begin PBXResourcesBuildPhase section */
		93D5A4581B8187500085D863 /* Resources */ = {
			isa = PBXResourcesBuildPhase;
			buildActionMask = 2147483647;
			files = (
				93D5A4691B8187500085D863 /* Main.storyboard in Resources */,
				93D5A46E1B8187500085D863 /* LaunchScreen.xib in Resources */,
				930A80D41B8C058D000959D4 /* face.plist in Resources */,
				93D5A46B1B8187500085D863 /* Images.xcassets in Resources */,
				93D5A5EF1B81B0C00085D863 /* chatBar.xcassets in Resources */,
			);
			runOnlyForDeploymentPostprocessing = 0;
		};
		93D5A4711B8187500085D863 /* Resources */ = {
			isa = PBXResourcesBuildPhase;
			buildActionMask = 2147483647;
			files = (
			);
			runOnlyForDeploymentPostprocessing = 0;
		};
/* End PBXResourcesBuildPhase section */

/* Begin PBXShellScriptBuildPhase section */
		4A2D7CC1313604BBC06A3A10 /* Copy Pods Resources */ = {
			isa = PBXShellScriptBuildPhase;
			buildActionMask = 2147483647;
			files = (
			);
			inputPaths = (
			);
			name = "Copy Pods Resources";
			outputPaths = (
			);
			runOnlyForDeploymentPostprocessing = 0;
			shellPath = /bin/sh;
			shellScript = "\"${SRCROOT}/Pods/Target Support Files/Pods/Pods-resources.sh\"\n";
			showEnvVarsInLog = 0;
		};
		F9F6A59CDAD9B827B28B3C05 /* Check Pods Manifest.lock */ = {
			isa = PBXShellScriptBuildPhase;
			buildActionMask = 2147483647;
			files = (
			);
			inputPaths = (
			);
			name = "Check Pods Manifest.lock";
			outputPaths = (
			);
			runOnlyForDeploymentPostprocessing = 0;
			shellPath = /bin/sh;
			shellScript = "diff \"${PODS_ROOT}/../Podfile.lock\" \"${PODS_ROOT}/Manifest.lock\" > /dev/null\nif [[ $? != 0 ]] ; then\n    cat << EOM\nerror: The sandbox is not in sync with the Podfile.lock. Run 'pod install' or update your CocoaPods installation.\nEOM\n    exit 1\nfi\n";
			showEnvVarsInLog = 0;
		};
/* End PBXShellScriptBuildPhase section */

/* Begin PBXSourcesBuildPhase section */
		93D5A4561B8187500085D863 /* Sources */ = {
			isa = PBXSourcesBuildPhase;
			buildActionMask = 2147483647;
			files = (
				93DCBED71B8B02BD000BFB6D /* XMLocationManager.m in Sources */,
				93D5A5F31B81C7D00085D863 /* XMAVAudioPlayer.m in Sources */,
				930A80D71B8C1052000959D4 /* XMFaceManager.m in Sources */,
				93DD25B21B99D56100001A46 /* XMMessage.m in Sources */,
				93D5A5E91B81ADCF0085D863 /* Mp3Recorder.m in Sources */,
				93DD25C51B99D5BD00001A46 /* XMLocationMessageCell.m in Sources */,
				93DD25C91B99D5BD00001A46 /* XMVoiceMessageCell.m in Sources */,
				93DD25B41B99D56100001A46 /* XMTextMessage.m in Sources */,
				93DCBED31B8B020A000BFB6D /* XMLocationController.m in Sources */,
				93DD25D11B99D63400001A46 /* UITableView+FDTemplateLayoutCell.m in Sources */,
				93D5A4631B8187500085D863 /* AppDelegate.m in Sources */,
				93D1B37E1B82D5AE00CA602D /* XMChatMoreView.m in Sources */,
				93DD25C41B99D5BD00001A46 /* XMImageMessageCell.m in Sources */,
				93DD25B51B99D56100001A46 /* XMVoiceMessage.m in Sources */,
				93D5A5EA1B81ADCF0085D863 /* XMChatBar.m in Sources */,
				93DD25B31B99D56100001A46 /* XMSystemMessage.m in Sources */,
				93DD25A21B99D52500001A46 /* ChatViewController.m in Sources */,
				93DD25B01B99D56100001A46 /* XMImageMessage.m in Sources */,
				93DD25C61B99D5BD00001A46 /* XMMessageCell.m in Sources */,
				93DD25C81B99D5BD00001A46 /* XMTextMessageCell.m in Sources */,
				93D5A5ED1B81AE9B0085D863 /* XMProgressHUD.m in Sources */,
				932CFBEA1B870C5100D9C4AE /* XMChatFaceView.m in Sources */,
				933E5A421B954C19008EEBA8 /* RootViewController.m in Sources */,
				93DD25B11B99D56100001A46 /* XMLocationMessage.m in Sources */,
				93D5A4601B8187500085D863 /* main.m in Sources */,
				93D1B3811B82D74F00CA602D /* XMChatMoreItem.m in Sources */,
				93DD25C71B99D5BD00001A46 /* XMSystemMessageCell.m in Sources */,
			);
			runOnlyForDeploymentPostprocessing = 0;
		};
		93D5A46F1B8187500085D863 /* Sources */ = {
			isa = PBXSourcesBuildPhase;
			buildActionMask = 2147483647;
			files = (
				93D5A47A1B8187500085D863 /* XMChatBarExampleTests.m in Sources */,
			);
			runOnlyForDeploymentPostprocessing = 0;
		};
/* End PBXSourcesBuildPhase section */

/* Begin PBXTargetDependency section */
		93D5A4751B8187500085D863 /* PBXTargetDependency */ = {
			isa = PBXTargetDependency;
			target = 93D5A4591B8187500085D863 /* XMChatBarExample */;
			targetProxy = 93D5A4741B8187500085D863 /* PBXContainerItemProxy */;
		};
/* End PBXTargetDependency section */

/* Begin PBXVariantGroup section */
		93D5A4671B8187500085D863 /* Main.storyboard */ = {
			isa = PBXVariantGroup;
			children = (
				93D5A4681B8187500085D863 /* Base */,
			);
			name = Main.storyboard;
			sourceTree = "<group>";
		};
		93D5A46C1B8187500085D863 /* LaunchScreen.xib */ = {
			isa = PBXVariantGroup;
			children = (
				93D5A46D1B8187500085D863 /* Base */,
			);
			name = LaunchScreen.xib;
			sourceTree = "<group>";
		};
/* End PBXVariantGroup section */

/* Begin XCBuildConfiguration section */
		93D5A47B1B8187500085D863 /* Debug */ = {
			isa = XCBuildConfiguration;
			buildSettings = {
				ALWAYS_SEARCH_USER_PATHS = NO;
				CLANG_CXX_LANGUAGE_STANDARD = "gnu++0x";
				CLANG_CXX_LIBRARY = "libc++";
				CLANG_ENABLE_MODULES = YES;
				CLANG_ENABLE_OBJC_ARC = YES;
				CLANG_WARN_BOOL_CONVERSION = YES;
				CLANG_WARN_CONSTANT_CONVERSION = YES;
				CLANG_WARN_DIRECT_OBJC_ISA_USAGE = YES_ERROR;
				CLANG_WARN_EMPTY_BODY = YES;
				CLANG_WARN_ENUM_CONVERSION = YES;
				CLANG_WARN_INT_CONVERSION = YES;
				CLANG_WARN_OBJC_ROOT_CLASS = YES_ERROR;
				CLANG_WARN_UNREACHABLE_CODE = YES;
				CLANG_WARN__DUPLICATE_METHOD_MATCH = YES;
				"CODE_SIGN_IDENTITY[sdk=iphoneos*]" = "iPhone Developer";
				COPY_PHASE_STRIP = NO;
				DEBUG_INFORMATION_FORMAT = "dwarf-with-dsym";
				ENABLE_STRICT_OBJC_MSGSEND = YES;
				GCC_C_LANGUAGE_STANDARD = gnu99;
				GCC_DYNAMIC_NO_PIC = NO;
				GCC_NO_COMMON_BLOCKS = YES;
				GCC_OPTIMIZATION_LEVEL = 0;
				GCC_PREPROCESSOR_DEFINITIONS = (
					"DEBUG=1",
					"$(inherited)",
				);
				GCC_SYMBOLS_PRIVATE_EXTERN = NO;
				GCC_WARN_64_TO_32_BIT_CONVERSION = YES;
				GCC_WARN_ABOUT_RETURN_TYPE = YES_ERROR;
				GCC_WARN_UNDECLARED_SELECTOR = YES;
				GCC_WARN_UNINITIALIZED_AUTOS = YES_AGGRESSIVE;
				GCC_WARN_UNUSED_FUNCTION = YES;
				GCC_WARN_UNUSED_VARIABLE = YES;
				IPHONEOS_DEPLOYMENT_TARGET = 8.4;
				MTL_ENABLE_DEBUG_INFO = YES;
				ONLY_ACTIVE_ARCH = YES;
				SDKROOT = iphoneos;
			};
			name = Debug;
		};
		93D5A47C1B8187500085D863 /* Release */ = {
			isa = XCBuildConfiguration;
			buildSettings = {
				ALWAYS_SEARCH_USER_PATHS = NO;
				CLANG_CXX_LANGUAGE_STANDARD = "gnu++0x";
				CLANG_CXX_LIBRARY = "libc++";
				CLANG_ENABLE_MODULES = YES;
				CLANG_ENABLE_OBJC_ARC = YES;
				CLANG_WARN_BOOL_CONVERSION = YES;
				CLANG_WARN_CONSTANT_CONVERSION = YES;
				CLANG_WARN_DIRECT_OBJC_ISA_USAGE = YES_ERROR;
				CLANG_WARN_EMPTY_BODY = YES;
				CLANG_WARN_ENUM_CONVERSION = YES;
				CLANG_WARN_INT_CONVERSION = YES;
				CLANG_WARN_OBJC_ROOT_CLASS = YES_ERROR;
				CLANG_WARN_UNREACHABLE_CODE = YES;
				CLANG_WARN__DUPLICATE_METHOD_MATCH = YES;
				"CODE_SIGN_IDENTITY[sdk=iphoneos*]" = "iPhone Developer";
				COPY_PHASE_STRIP = NO;
				DEBUG_INFORMATION_FORMAT = "dwarf-with-dsym";
				ENABLE_NS_ASSERTIONS = NO;
				ENABLE_STRICT_OBJC_MSGSEND = YES;
				GCC_C_LANGUAGE_STANDARD = gnu99;
				GCC_NO_COMMON_BLOCKS = YES;
				GCC_WARN_64_TO_32_BIT_CONVERSION = YES;
				GCC_WARN_ABOUT_RETURN_TYPE = YES_ERROR;
				GCC_WARN_UNDECLARED_SELECTOR = YES;
				GCC_WARN_UNINITIALIZED_AUTOS = YES_AGGRESSIVE;
				GCC_WARN_UNUSED_FUNCTION = YES;
				GCC_WARN_UNUSED_VARIABLE = YES;
				IPHONEOS_DEPLOYMENT_TARGET = 8.4;
				MTL_ENABLE_DEBUG_INFO = NO;
				SDKROOT = iphoneos;
				VALIDATE_PRODUCT = YES;
			};
			name = Release;
		};
		93D5A47E1B8187500085D863 /* Debug */ = {
			isa = XCBuildConfiguration;
			baseConfigurationReference = 9F9385FC96BE12AEFE8854F5 /* Pods.debug.xcconfig */;
			buildSettings = {
				ASSETCATALOG_COMPILER_APPICON_NAME = AppIcon;
				INFOPLIST_FILE = XMChatBarExample/Info.plist;
				LD_RUNPATH_SEARCH_PATHS = "$(inherited) @executable_path/Frameworks";
				LIBRARY_SEARCH_PATHS = (
					"$(inherited)",
					"$(PROJECT_DIR)/XMChatBarExample/XMChatBar/Vendors/VoiceLib",
				);
				PRODUCT_NAME = "$(TARGET_NAME)";
				USER_HEADER_SEARCH_PATHS = "";
			};
			name = Debug;
		};
		93D5A47F1B8187500085D863 /* Release */ = {
			isa = XCBuildConfiguration;
			baseConfigurationReference = 327D40C22EA158C7EF8FA026 /* Pods.release.xcconfig */;
			buildSettings = {
				ASSETCATALOG_COMPILER_APPICON_NAME = AppIcon;
				INFOPLIST_FILE = XMChatBarExample/Info.plist;
				LD_RUNPATH_SEARCH_PATHS = "$(inherited) @executable_path/Frameworks";
				LIBRARY_SEARCH_PATHS = (
					"$(inherited)",
					"$(PROJECT_DIR)/XMChatBarExample/XMChatBar/Vendors/VoiceLib",
				);
				PRODUCT_NAME = "$(TARGET_NAME)";
				USER_HEADER_SEARCH_PATHS = "";
			};
			name = Release;
		};
		93D5A4811B8187500085D863 /* Debug */ = {
			isa = XCBuildConfiguration;
			buildSettings = {
				BUNDLE_LOADER = "$(TEST_HOST)";
				FRAMEWORK_SEARCH_PATHS = (
					"$(SDKROOT)/Developer/Library/Frameworks",
					"$(inherited)",
				);
				GCC_PREPROCESSOR_DEFINITIONS = (
					"DEBUG=1",
					"$(inherited)",
				);
				INFOPLIST_FILE = XMChatBarExampleTests/Info.plist;
				LD_RUNPATH_SEARCH_PATHS = "$(inherited) @executable_path/Frameworks @loader_path/Frameworks";
				PRODUCT_NAME = "$(TARGET_NAME)";
				TEST_HOST = "$(BUILT_PRODUCTS_DIR)/XMChatBarExample.app/XMChatBarExample";
			};
			name = Debug;
		};
		93D5A4821B8187500085D863 /* Release */ = {
			isa = XCBuildConfiguration;
			buildSettings = {
				BUNDLE_LOADER = "$(TEST_HOST)";
				FRAMEWORK_SEARCH_PATHS = (
					"$(SDKROOT)/Developer/Library/Frameworks",
					"$(inherited)",
				);
				INFOPLIST_FILE = XMChatBarExampleTests/Info.plist;
				LD_RUNPATH_SEARCH_PATHS = "$(inherited) @executable_path/Frameworks @loader_path/Frameworks";
				PRODUCT_NAME = "$(TARGET_NAME)";
				TEST_HOST = "$(BUILT_PRODUCTS_DIR)/XMChatBarExample.app/XMChatBarExample";
			};
			name = Release;
		};
/* End XCBuildConfiguration section */

/* Begin XCConfigurationList section */
		93D5A4551B8187500085D863 /* Build configuration list for PBXProject "XMChatBarExample" */ = {
			isa = XCConfigurationList;
			buildConfigurations = (
				93D5A47B1B8187500085D863 /* Debug */,
				93D5A47C1B8187500085D863 /* Release */,
			);
			defaultConfigurationIsVisible = 0;
			defaultConfigurationName = Release;
		};
		93D5A47D1B8187500085D863 /* Build configuration list for PBXNativeTarget "XMChatBarExample" */ = {
			isa = XCConfigurationList;
			buildConfigurations = (
				93D5A47E1B8187500085D863 /* Debug */,
				93D5A47F1B8187500085D863 /* Release */,
			);
			defaultConfigurationIsVisible = 0;
			defaultConfigurationName = Release;
		};
		93D5A4801B8187500085D863 /* Build configuration list for PBXNativeTarget "XMChatBarExampleTests" */ = {
			isa = XCConfigurationList;
			buildConfigurations = (
				93D5A4811B8187500085D863 /* Debug */,
				93D5A4821B8187500085D863 /* Release */,
			);
			defaultConfigurationIsVisible = 0;
			defaultConfigurationName = Release;
		};
/* End XCConfigurationList section */
	};
	rootObject = 93D5A4521B8187500085D863 /* Project object */;
}
